// !$*UTF8*$!
{
	archiveVersion = 1;
	classes = {
	};
	objectVersion = 56;
	objects = {

/* Begin PBXBuildFile section */
		E906B52F2C5B98990066B835 /* LoginInterfaces.swift in Sources */ = {isa = PBXBuildFile; fileRef = E906B52A2C5B98990066B835 /* LoginInterfaces.swift */; };
		E906B5302C5B98990066B835 /* LoginPresenter.swift in Sources */ = {isa = PBXBuildFile; fileRef = E906B52B2C5B98990066B835 /* LoginPresenter.swift */; };
		E906B5312C5B98990066B835 /* LoginViewController.swift in Sources */ = {isa = PBXBuildFile; fileRef = E906B52C2C5B98990066B835 /* LoginViewController.swift */; };
		E906B5322C5B98990066B835 /* LoginInteractor.swift in Sources */ = {isa = PBXBuildFile; fileRef = E906B52D2C5B98990066B835 /* LoginInteractor.swift */; };
		E906B5332C5B98990066B835 /* LoginWireframe.swift in Sources */ = {isa = PBXBuildFile; fileRef = E906B52E2C5B98990066B835 /* LoginWireframe.swift */; };
		E915CE092C60EC1000490DA6 /* Constants.swift in Sources */ = {isa = PBXBuildFile; fileRef = E915CE082C60EC1000490DA6 /* Constants.swift */; };
		E915CE0F2C60EEC000490DA6 /* TabBarInterfaces.swift in Sources */ = {isa = PBXBuildFile; fileRef = E915CE0B2C60EEC000490DA6 /* TabBarInterfaces.swift */; };
		E915CE102C60EEC000490DA6 /* TabBarPresenter.swift in Sources */ = {isa = PBXBuildFile; fileRef = E915CE0C2C60EEC000490DA6 /* TabBarPresenter.swift */; };
		E915CE112C60EEC000490DA6 /* TabBarController.swift in Sources */ = {isa = PBXBuildFile; fileRef = E915CE0D2C60EEC000490DA6 /* TabBarController.swift */; };
		E915CE122C60EEC000490DA6 /* TabBarWireframe.swift in Sources */ = {isa = PBXBuildFile; fileRef = E915CE0E2C60EEC000490DA6 /* TabBarWireframe.swift */; };
		E915CE1A2C622AA600490DA6 /* PKHUD in Frameworks */ = {isa = PBXBuildFile; productRef = E915CE192C622AA600490DA6 /* PKHUD */; };
		E915CE282C62313800490DA6 /* SearchInterfaces.swift in Sources */ = {isa = PBXBuildFile; fileRef = E915CE232C62313800490DA6 /* SearchInterfaces.swift */; };
		E915CE292C62313800490DA6 /* SearchPresenter.swift in Sources */ = {isa = PBXBuildFile; fileRef = E915CE242C62313800490DA6 /* SearchPresenter.swift */; };
		E915CE2A2C62313800490DA6 /* SearchViewController.swift in Sources */ = {isa = PBXBuildFile; fileRef = E915CE252C62313800490DA6 /* SearchViewController.swift */; };
		E915CE2B2C62313800490DA6 /* SearchInteractor.swift in Sources */ = {isa = PBXBuildFile; fileRef = E915CE262C62313800490DA6 /* SearchInteractor.swift */; };
		E915CE2C2C62313800490DA6 /* SearchWireframe.swift in Sources */ = {isa = PBXBuildFile; fileRef = E915CE272C62313800490DA6 /* SearchWireframe.swift */; };
		E915CE352C63A9E400490DA6 /* HomeInterfaces.swift in Sources */ = {isa = PBXBuildFile; fileRef = E915CE302C63A9E400490DA6 /* HomeInterfaces.swift */; };
		E915CE362C63A9E400490DA6 /* HomePresenter.swift in Sources */ = {isa = PBXBuildFile; fileRef = E915CE312C63A9E400490DA6 /* HomePresenter.swift */; };
		E915CE372C63A9E400490DA6 /* HomeViewController.swift in Sources */ = {isa = PBXBuildFile; fileRef = E915CE322C63A9E400490DA6 /* HomeViewController.swift */; };
		E915CE382C63A9E400490DA6 /* HomeInteractor.swift in Sources */ = {isa = PBXBuildFile; fileRef = E915CE332C63A9E400490DA6 /* HomeInteractor.swift */; };
		E915CE392C63A9E400490DA6 /* HomeWireframe.swift in Sources */ = {isa = PBXBuildFile; fileRef = E915CE342C63A9E400490DA6 /* HomeWireframe.swift */; };
		E915CE402C64AAA200490DA6 /* PhotoSelectorInterfaces.swift in Sources */ = {isa = PBXBuildFile; fileRef = E915CE3B2C64AAA200490DA6 /* PhotoSelectorInterfaces.swift */; };
		E915CE412C64AAA200490DA6 /* PhotoSelectorPresenter.swift in Sources */ = {isa = PBXBuildFile; fileRef = E915CE3C2C64AAA200490DA6 /* PhotoSelectorPresenter.swift */; };
		E915CE422C64AAA200490DA6 /* PhotoSelectorViewController.swift in Sources */ = {isa = PBXBuildFile; fileRef = E915CE3D2C64AAA200490DA6 /* PhotoSelectorViewController.swift */; };
		E915CE432C64AAA200490DA6 /* PhotoSelectorInteractor.swift in Sources */ = {isa = PBXBuildFile; fileRef = E915CE3E2C64AAA200490DA6 /* PhotoSelectorInteractor.swift */; };
		E915CE442C64AAA200490DA6 /* PhotoSelectorWireframe.swift in Sources */ = {isa = PBXBuildFile; fileRef = E915CE3F2C64AAA200490DA6 /* PhotoSelectorWireframe.swift */; };
		E915CE462C64ABE400490DA6 /* PhotoModel.swift in Sources */ = {isa = PBXBuildFile; fileRef = E915CE452C64ABE400490DA6 /* PhotoModel.swift */; };
		E915CE5B2C64E1F400490DA6 /* AddBookInterfaces.swift in Sources */ = {isa = PBXBuildFile; fileRef = E915CE562C64E1F400490DA6 /* AddBookInterfaces.swift */; };
		E915CE5C2C64E1F400490DA6 /* AddBookPresenter.swift in Sources */ = {isa = PBXBuildFile; fileRef = E915CE572C64E1F400490DA6 /* AddBookPresenter.swift */; };
		E915CE5D2C64E1F400490DA6 /* AddBookViewController.swift in Sources */ = {isa = PBXBuildFile; fileRef = E915CE582C64E1F400490DA6 /* AddBookViewController.swift */; };
		E915CE5E2C64E1F400490DA6 /* AddBookInteractor.swift in Sources */ = {isa = PBXBuildFile; fileRef = E915CE592C64E1F400490DA6 /* AddBookInteractor.swift */; };
		E915CE5F2C64E1F400490DA6 /* AddBookWireframe.swift in Sources */ = {isa = PBXBuildFile; fileRef = E915CE5A2C64E1F400490DA6 /* AddBookWireframe.swift */; };
		E915CE652C6502D700490DA6 /* ShareBookInterfaces.swift in Sources */ = {isa = PBXBuildFile; fileRef = E915CE602C6502D700490DA6 /* ShareBookInterfaces.swift */; };
		E915CE662C6502D700490DA6 /* ShareBookPresenter.swift in Sources */ = {isa = PBXBuildFile; fileRef = E915CE612C6502D700490DA6 /* ShareBookPresenter.swift */; };
		E915CE672C6502D700490DA6 /* ShareBookViewController.swift in Sources */ = {isa = PBXBuildFile; fileRef = E915CE622C6502D700490DA6 /* ShareBookViewController.swift */; };
		E915CE682C6502D700490DA6 /* ShareBookInteractor.swift in Sources */ = {isa = PBXBuildFile; fileRef = E915CE632C6502D700490DA6 /* ShareBookInteractor.swift */; };
		E915CE692C6502D700490DA6 /* ShareBookWireframe.swift in Sources */ = {isa = PBXBuildFile; fileRef = E915CE642C6502D700490DA6 /* ShareBookWireframe.swift */; };
		E915CE712C650B8600490DA6 /* SwapInterfaces.swift in Sources */ = {isa = PBXBuildFile; fileRef = E915CE6C2C650B8600490DA6 /* SwapInterfaces.swift */; };
		E915CE722C650B8600490DA6 /* SwapPresenter.swift in Sources */ = {isa = PBXBuildFile; fileRef = E915CE6D2C650B8600490DA6 /* SwapPresenter.swift */; };
		E915CE732C650B8600490DA6 /* SwapViewController.swift in Sources */ = {isa = PBXBuildFile; fileRef = E915CE6E2C650B8600490DA6 /* SwapViewController.swift */; };
		E915CE742C650B8600490DA6 /* SwapInteractor.swift in Sources */ = {isa = PBXBuildFile; fileRef = E915CE6F2C650B8600490DA6 /* SwapInteractor.swift */; };
		E915CE752C650B8600490DA6 /* SwapWireframe.swift in Sources */ = {isa = PBXBuildFile; fileRef = E915CE702C650B8600490DA6 /* SwapWireframe.swift */; };
		E9206BA32C1222BE00B08AFE /* VCPreview.swift in Sources */ = {isa = PBXBuildFile; fileRef = E9206BA22C1222BE00B08AFE /* VCPreview.swift */; };
		E924F5862C0B6E0A00DDB21A /* RequestModel.swift in Sources */ = {isa = PBXBuildFile; fileRef = E924F5852C0B6E0A00DDB21A /* RequestModel.swift */; };
		E92F58982C033D0000289469 /* CustomBookCell.swift in Sources */ = {isa = PBXBuildFile; fileRef = E92F58972C033D0000289469 /* CustomBookCell.swift */; };
		E9355D282C19B057003F212C /* HomeViewControllerr.swift in Sources */ = {isa = PBXBuildFile; fileRef = E9355D272C19B057003F212C /* HomeViewControllerr.swift */; };
		E939479F2C08B9D8008BF5BC /* SearchBookViewController.swift in Sources */ = {isa = PBXBuildFile; fileRef = E939479E2C08B9D8008BF5BC /* SearchBookViewController.swift */; };
		E93947A12C08BA30008BF5BC /* SearchBookCell.swift in Sources */ = {isa = PBXBuildFile; fileRef = E93947A02C08BA30008BF5BC /* SearchBookCell.swift */; };
		E94AD3652C182CD1007B9A0F /* DateExtension.swift in Sources */ = {isa = PBXBuildFile; fileRef = E94AD3642C182CD1007B9A0F /* DateExtension.swift */; };
		E957AA112BDA8CE70089E395 /* CustomPostCell.swift in Sources */ = {isa = PBXBuildFile; fileRef = E957AA102BDA8CE70089E395 /* CustomPostCell.swift */; };
		E957AA172BDAA6450089E395 /* FirebaseExtension.swift in Sources */ = {isa = PBXBuildFile; fileRef = E957AA162BDAA6450089E395 /* FirebaseExtension.swift */; };
		E957AA192BDAA6E80089E395 /* CustomImageView.swift in Sources */ = {isa = PBXBuildFile; fileRef = E957AA182BDAA6E80089E395 /* CustomImageView.swift */; };
		E96FB2112C5EBFE300CF6243 /* ProfileInterfaces.swift in Sources */ = {isa = PBXBuildFile; fileRef = E96FB20C2C5EBFE300CF6243 /* ProfileInterfaces.swift */; };
		E96FB2122C5EBFE300CF6243 /* ProfilePresenter.swift in Sources */ = {isa = PBXBuildFile; fileRef = E96FB20D2C5EBFE300CF6243 /* ProfilePresenter.swift */; };
		E96FB2132C5EBFE300CF6243 /* ProfileViewController.swift in Sources */ = {isa = PBXBuildFile; fileRef = E96FB20E2C5EBFE300CF6243 /* ProfileViewController.swift */; };
		E96FB2142C5EBFE300CF6243 /* ProfileInteractor.swift in Sources */ = {isa = PBXBuildFile; fileRef = E96FB20F2C5EBFE300CF6243 /* ProfileInteractor.swift */; };
		E96FB2152C5EBFE300CF6243 /* ProfileWireframe.swift in Sources */ = {isa = PBXBuildFile; fileRef = E96FB2102C5EBFE300CF6243 /* ProfileWireframe.swift */; };
		E96FB2182C5EC79900CF6243 /* BookModel.swift in Sources */ = {isa = PBXBuildFile; fileRef = E96FB2172C5EC79900CF6243 /* BookModel.swift */; };
		E996D7532BFDBAF7000AE202 /* ShareBookController.swift in Sources */ = {isa = PBXBuildFile; fileRef = E996D7522BFDBAF7000AE202 /* ShareBookController.swift */; };
		E9AF44A32C594CB7006EA614 /* SignUpInterfaces.swift in Sources */ = {isa = PBXBuildFile; fileRef = E9AF449E2C594CB7006EA614 /* SignUpInterfaces.swift */; };
		E9AF44A42C594CB7006EA614 /* SignUpPresenter.swift in Sources */ = {isa = PBXBuildFile; fileRef = E9AF449F2C594CB7006EA614 /* SignUpPresenter.swift */; };
		E9AF44A52C594CB7006EA614 /* SignUpViewController.swift in Sources */ = {isa = PBXBuildFile; fileRef = E9AF44A02C594CB7006EA614 /* SignUpViewController.swift */; };
		E9AF44A62C594CB7006EA614 /* SignUpInteractor.swift in Sources */ = {isa = PBXBuildFile; fileRef = E9AF44A12C594CB7006EA614 /* SignUpInteractor.swift */; };
		E9AF44A72C594CB7006EA614 /* SignUpWireframe.swift in Sources */ = {isa = PBXBuildFile; fileRef = E9AF44A22C594CB7006EA614 /* SignUpWireframe.swift */; };
		E9AF44AF2C594CD4006EA614 /* BaseWireframe.swift in Sources */ = {isa = PBXBuildFile; fileRef = E9AF44A92C594CD4006EA614 /* BaseWireframe.swift */; };
		E9AF44B02C594CD4006EA614 /* FormatterInterface.swift in Sources */ = {isa = PBXBuildFile; fileRef = E9AF44AA2C594CD4006EA614 /* FormatterInterface.swift */; };
		E9AF44B12C594CD4006EA614 /* UIStoryboardExtension.swift in Sources */ = {isa = PBXBuildFile; fileRef = E9AF44AB2C594CD4006EA614 /* UIStoryboardExtension.swift */; };
		E9AF44B22C594CD4006EA614 /* PresenterInterface.swift in Sources */ = {isa = PBXBuildFile; fileRef = E9AF44AC2C594CD4006EA614 /* PresenterInterface.swift */; };
		E9AF44B32C594CD4006EA614 /* ViewInterface.swift in Sources */ = {isa = PBXBuildFile; fileRef = E9AF44AD2C594CD4006EA614 /* ViewInterface.swift */; };
		E9AF44B42C594CD4006EA614 /* InteractorInterface.swift in Sources */ = {isa = PBXBuildFile; fileRef = E9AF44AE2C594CD4006EA614 /* InteractorInterface.swift */; };
		E9B24A3B2BFBC2CB009C21C1 /* PhotoSelectorCell.swift in Sources */ = {isa = PBXBuildFile; fileRef = E9B24A362BFBC2CB009C21C1 /* PhotoSelectorCell.swift */; };
		E9B24A3C2BFBC2CB009C21C1 /* PhotoSelectorController.swift in Sources */ = {isa = PBXBuildFile; fileRef = E9B24A372BFBC2CB009C21C1 /* PhotoSelectorController.swift */; };
		E9B24A3D2BFBC2CB009C21C1 /* PhotoSelectorHeader.swift in Sources */ = {isa = PBXBuildFile; fileRef = E9B24A382BFBC2CB009C21C1 /* PhotoSelectorHeader.swift */; };
		E9B24A3E2BFBC2CB009C21C1 /* AddBookController.swift in Sources */ = {isa = PBXBuildFile; fileRef = E9B24A392BFBC2CB009C21C1 /* AddBookController.swift */; };
		E9B88E7B2C282CE5003D915F /* PostModel.swift in Sources */ = {isa = PBXBuildFile; fileRef = E9B88E7A2C282CE5003D915F /* PostModel.swift */; };
		E9B88E8A2C283207003D915F /* PostCollectionViewCell.swift in Sources */ = {isa = PBXBuildFile; fileRef = E9B88E892C283207003D915F /* PostCollectionViewCell.swift */; };
		E9B88E8F2C283CE3003D915F /* UserModel.swift in Sources */ = {isa = PBXBuildFile; fileRef = E9B88E8E2C283CE3003D915F /* UserModel.swift */; };
		E9B949F52BD437D00025D344 /* AppDelegate.swift in Sources */ = {isa = PBXBuildFile; fileRef = E9B949F42BD437D00025D344 /* AppDelegate.swift */; };
		E9B949FE2BD437D20025D344 /* Assets.xcassets in Resources */ = {isa = PBXBuildFile; fileRef = E9B949FD2BD437D20025D344 /* Assets.xcassets */; };
		E9B94A092BD4393B0025D344 /* SignUpViewControllerr.swift in Sources */ = {isa = PBXBuildFile; fileRef = E9B94A082BD4393B0025D344 /* SignUpViewControllerr.swift */; };
		E9B94A0B2BD43B5B0025D344 /* UIViewExtension.swift in Sources */ = {isa = PBXBuildFile; fileRef = E9B94A0A2BD43B5B0025D344 /* UIViewExtension.swift */; };
		E9B94A0D2BD43E810025D344 /* MainTabBarController.swift in Sources */ = {isa = PBXBuildFile; fileRef = E9B94A0C2BD43E810025D344 /* MainTabBarController.swift */; };
		E9C1EF692C11FECD003035AD /* SwapViewControllerr.swift in Sources */ = {isa = PBXBuildFile; fileRef = E9C1EF682C11FECD003035AD /* SwapViewControllerr.swift */; };
		E9C1EF6B2C120503003035AD /* CustomRequestsCell.swift in Sources */ = {isa = PBXBuildFile; fileRef = E9C1EF6A2C120503003035AD /* CustomRequestsCell.swift */; };
		E9D9FA882BD53FE000BAADD5 /* LoginViewControllerr.swift in Sources */ = {isa = PBXBuildFile; fileRef = E9D9FA872BD53FE000BAADD5 /* LoginViewControllerr.swift */; };
		E9D9FA8A2BD5437800BAADD5 /* GoogleService-Info.plist in Resources */ = {isa = PBXBuildFile; fileRef = E9D9FA892BD5437800BAADD5 /* GoogleService-Info.plist */; };
		E9D9FA8D2BD5469200BAADD5 /* FirebaseAuth in Frameworks */ = {isa = PBXBuildFile; productRef = E9D9FA8C2BD5469200BAADD5 /* FirebaseAuth */; };
		E9D9FA8F2BD5469200BAADD5 /* FirebaseAuthCombine-Community in Frameworks */ = {isa = PBXBuildFile; productRef = E9D9FA8E2BD5469200BAADD5 /* FirebaseAuthCombine-Community */; };
		E9D9FA912BD5469200BAADD5 /* FirebaseDatabase in Frameworks */ = {isa = PBXBuildFile; productRef = E9D9FA902BD5469200BAADD5 /* FirebaseDatabase */; };
		E9D9FA932BD5469200BAADD5 /* FirebaseDatabaseSwift in Frameworks */ = {isa = PBXBuildFile; productRef = E9D9FA922BD5469200BAADD5 /* FirebaseDatabaseSwift */; };
		E9D9FA952BD5469200BAADD5 /* FirebaseStorage in Frameworks */ = {isa = PBXBuildFile; productRef = E9D9FA942BD5469200BAADD5 /* FirebaseStorage */; };
		E9D9FA972BD5469200BAADD5 /* FirebaseStorageCombine-Community in Frameworks */ = {isa = PBXBuildFile; productRef = E9D9FA962BD5469200BAADD5 /* FirebaseStorageCombine-Community */; };
		E9D9FA992BD55C6900BAADD5 /* ProfileViewControllerr.swift in Sources */ = {isa = PBXBuildFile; fileRef = E9D9FA982BD55C6900BAADD5 /* ProfileViewControllerr.swift */; };
/* End PBXBuildFile section */

/* Begin PBXFileReference section */
		E906B52A2C5B98990066B835 /* LoginInterfaces.swift */ = {isa = PBXFileReference; lastKnownFileType = sourcecode.swift; name = LoginInterfaces.swift; path = BookNet/BookNetVIPER2/Login/LoginInterfaces.swift; sourceTree = SOURCE_ROOT; };
		E906B52B2C5B98990066B835 /* LoginPresenter.swift */ = {isa = PBXFileReference; lastKnownFileType = sourcecode.swift; name = LoginPresenter.swift; path = BookNet/BookNetVIPER2/Login/LoginPresenter.swift; sourceTree = SOURCE_ROOT; };
		E906B52C2C5B98990066B835 /* LoginViewController.swift */ = {isa = PBXFileReference; lastKnownFileType = sourcecode.swift; name = LoginViewController.swift; path = BookNet/BookNetVIPER2/Login/LoginViewController.swift; sourceTree = SOURCE_ROOT; };
		E906B52D2C5B98990066B835 /* LoginInteractor.swift */ = {isa = PBXFileReference; lastKnownFileType = sourcecode.swift; name = LoginInteractor.swift; path = BookNet/BookNetVIPER2/Login/LoginInteractor.swift; sourceTree = SOURCE_ROOT; };
		E906B52E2C5B98990066B835 /* LoginWireframe.swift */ = {isa = PBXFileReference; lastKnownFileType = sourcecode.swift; name = LoginWireframe.swift; path = BookNet/BookNetVIPER2/Login/LoginWireframe.swift; sourceTree = SOURCE_ROOT; };
		E915CE082C60EC1000490DA6 /* Constants.swift */ = {isa = PBXFileReference; lastKnownFileType = sourcecode.swift; path = Constants.swift; sourceTree = "<group>"; };
		E915CE0B2C60EEC000490DA6 /* TabBarInterfaces.swift */ = {isa = PBXFileReference; lastKnownFileType = sourcecode.swift; path = TabBarInterfaces.swift; sourceTree = "<group>"; };
		E915CE0C2C60EEC000490DA6 /* TabBarPresenter.swift */ = {isa = PBXFileReference; lastKnownFileType = sourcecode.swift; path = TabBarPresenter.swift; sourceTree = "<group>"; };
		E915CE0D2C60EEC000490DA6 /* TabBarController.swift */ = {isa = PBXFileReference; lastKnownFileType = sourcecode.swift; path = TabBarController.swift; sourceTree = "<group>"; };
		E915CE0E2C60EEC000490DA6 /* TabBarWireframe.swift */ = {isa = PBXFileReference; lastKnownFileType = sourcecode.swift; path = TabBarWireframe.swift; sourceTree = "<group>"; };
		E915CE232C62313800490DA6 /* SearchInterfaces.swift */ = {isa = PBXFileReference; lastKnownFileType = sourcecode.swift; path = SearchInterfaces.swift; sourceTree = "<group>"; };
		E915CE242C62313800490DA6 /* SearchPresenter.swift */ = {isa = PBXFileReference; lastKnownFileType = sourcecode.swift; path = SearchPresenter.swift; sourceTree = "<group>"; };
		E915CE252C62313800490DA6 /* SearchViewController.swift */ = {isa = PBXFileReference; lastKnownFileType = sourcecode.swift; path = SearchViewController.swift; sourceTree = "<group>"; };
		E915CE262C62313800490DA6 /* SearchInteractor.swift */ = {isa = PBXFileReference; lastKnownFileType = sourcecode.swift; path = SearchInteractor.swift; sourceTree = "<group>"; };
		E915CE272C62313800490DA6 /* SearchWireframe.swift */ = {isa = PBXFileReference; lastKnownFileType = sourcecode.swift; path = SearchWireframe.swift; sourceTree = "<group>"; };
		E915CE302C63A9E400490DA6 /* HomeInterfaces.swift */ = {isa = PBXFileReference; lastKnownFileType = sourcecode.swift; path = HomeInterfaces.swift; sourceTree = "<group>"; };
		E915CE312C63A9E400490DA6 /* HomePresenter.swift */ = {isa = PBXFileReference; lastKnownFileType = sourcecode.swift; path = HomePresenter.swift; sourceTree = "<group>"; };
		E915CE322C63A9E400490DA6 /* HomeViewController.swift */ = {isa = PBXFileReference; lastKnownFileType = sourcecode.swift; path = HomeViewController.swift; sourceTree = "<group>"; };
		E915CE332C63A9E400490DA6 /* HomeInteractor.swift */ = {isa = PBXFileReference; lastKnownFileType = sourcecode.swift; path = HomeInteractor.swift; sourceTree = "<group>"; };
		E915CE342C63A9E400490DA6 /* HomeWireframe.swift */ = {isa = PBXFileReference; lastKnownFileType = sourcecode.swift; path = HomeWireframe.swift; sourceTree = "<group>"; };
		E915CE3B2C64AAA200490DA6 /* PhotoSelectorInterfaces.swift */ = {isa = PBXFileReference; lastKnownFileType = sourcecode.swift; path = PhotoSelectorInterfaces.swift; sourceTree = "<group>"; };
		E915CE3C2C64AAA200490DA6 /* PhotoSelectorPresenter.swift */ = {isa = PBXFileReference; lastKnownFileType = sourcecode.swift; path = PhotoSelectorPresenter.swift; sourceTree = "<group>"; };
		E915CE3D2C64AAA200490DA6 /* PhotoSelectorViewController.swift */ = {isa = PBXFileReference; lastKnownFileType = sourcecode.swift; path = PhotoSelectorViewController.swift; sourceTree = "<group>"; };
		E915CE3E2C64AAA200490DA6 /* PhotoSelectorInteractor.swift */ = {isa = PBXFileReference; lastKnownFileType = sourcecode.swift; path = PhotoSelectorInteractor.swift; sourceTree = "<group>"; };
		E915CE3F2C64AAA200490DA6 /* PhotoSelectorWireframe.swift */ = {isa = PBXFileReference; lastKnownFileType = sourcecode.swift; path = PhotoSelectorWireframe.swift; sourceTree = "<group>"; };
		E915CE452C64ABE400490DA6 /* PhotoModel.swift */ = {isa = PBXFileReference; lastKnownFileType = sourcecode.swift; path = PhotoModel.swift; sourceTree = "<group>"; };
		E915CE562C64E1F400490DA6 /* AddBookInterfaces.swift */ = {isa = PBXFileReference; lastKnownFileType = sourcecode.swift; path = AddBookInterfaces.swift; sourceTree = "<group>"; };
		E915CE572C64E1F400490DA6 /* AddBookPresenter.swift */ = {isa = PBXFileReference; lastKnownFileType = sourcecode.swift; path = AddBookPresenter.swift; sourceTree = "<group>"; };
		E915CE582C64E1F400490DA6 /* AddBookViewController.swift */ = {isa = PBXFileReference; lastKnownFileType = sourcecode.swift; path = AddBookViewController.swift; sourceTree = "<group>"; };
		E915CE592C64E1F400490DA6 /* AddBookInteractor.swift */ = {isa = PBXFileReference; lastKnownFileType = sourcecode.swift; path = AddBookInteractor.swift; sourceTree = "<group>"; };
		E915CE5A2C64E1F400490DA6 /* AddBookWireframe.swift */ = {isa = PBXFileReference; lastKnownFileType = sourcecode.swift; path = AddBookWireframe.swift; sourceTree = "<group>"; };
		E915CE602C6502D700490DA6 /* ShareBookInterfaces.swift */ = {isa = PBXFileReference; lastKnownFileType = sourcecode.swift; path = ShareBookInterfaces.swift; sourceTree = "<group>"; };
		E915CE612C6502D700490DA6 /* ShareBookPresenter.swift */ = {isa = PBXFileReference; lastKnownFileType = sourcecode.swift; path = ShareBookPresenter.swift; sourceTree = "<group>"; };
		E915CE622C6502D700490DA6 /* ShareBookViewController.swift */ = {isa = PBXFileReference; lastKnownFileType = sourcecode.swift; path = ShareBookViewController.swift; sourceTree = "<group>"; };
		E915CE632C6502D700490DA6 /* ShareBookInteractor.swift */ = {isa = PBXFileReference; lastKnownFileType = sourcecode.swift; path = ShareBookInteractor.swift; sourceTree = "<group>"; };
		E915CE642C6502D700490DA6 /* ShareBookWireframe.swift */ = {isa = PBXFileReference; lastKnownFileType = sourcecode.swift; path = ShareBookWireframe.swift; sourceTree = "<group>"; };
		E915CE6C2C650B8600490DA6 /* SwapInterfaces.swift */ = {isa = PBXFileReference; lastKnownFileType = sourcecode.swift; path = SwapInterfaces.swift; sourceTree = "<group>"; };
		E915CE6D2C650B8600490DA6 /* SwapPresenter.swift */ = {isa = PBXFileReference; lastKnownFileType = sourcecode.swift; path = SwapPresenter.swift; sourceTree = "<group>"; };
		E915CE6E2C650B8600490DA6 /* SwapViewController.swift */ = {isa = PBXFileReference; lastKnownFileType = sourcecode.swift; path = SwapViewController.swift; sourceTree = "<group>"; };
		E915CE6F2C650B8600490DA6 /* SwapInteractor.swift */ = {isa = PBXFileReference; lastKnownFileType = sourcecode.swift; path = SwapInteractor.swift; sourceTree = "<group>"; };
		E915CE702C650B8600490DA6 /* SwapWireframe.swift */ = {isa = PBXFileReference; lastKnownFileType = sourcecode.swift; path = SwapWireframe.swift; sourceTree = "<group>"; };
		E9206BA22C1222BE00B08AFE /* VCPreview.swift */ = {isa = PBXFileReference; lastKnownFileType = sourcecode.swift; path = VCPreview.swift; sourceTree = "<group>"; };
		E924F5852C0B6E0A00DDB21A /* RequestModel.swift */ = {isa = PBXFileReference; lastKnownFileType = sourcecode.swift; path = RequestModel.swift; sourceTree = "<group>"; };
		E92F58972C033D0000289469 /* CustomBookCell.swift */ = {isa = PBXFileReference; lastKnownFileType = sourcecode.swift; path = CustomBookCell.swift; sourceTree = "<group>"; };
		E9355D272C19B057003F212C /* HomeViewControllerr.swift */ = {isa = PBXFileReference; lastKnownFileType = sourcecode.swift; path = HomeViewControllerr.swift; sourceTree = "<group>"; };
		E939479E2C08B9D8008BF5BC /* SearchBookViewController.swift */ = {isa = PBXFileReference; lastKnownFileType = sourcecode.swift; path = SearchBookViewController.swift; sourceTree = "<group>"; };
		E93947A02C08BA30008BF5BC /* SearchBookCell.swift */ = {isa = PBXFileReference; lastKnownFileType = sourcecode.swift; path = SearchBookCell.swift; sourceTree = "<group>"; };
		E94AD3642C182CD1007B9A0F /* DateExtension.swift */ = {isa = PBXFileReference; lastKnownFileType = sourcecode.swift; path = DateExtension.swift; sourceTree = "<group>"; };
		E957AA102BDA8CE70089E395 /* CustomPostCell.swift */ = {isa = PBXFileReference; lastKnownFileType = sourcecode.swift; path = CustomPostCell.swift; sourceTree = "<group>"; };
		E957AA162BDAA6450089E395 /* FirebaseExtension.swift */ = {isa = PBXFileReference; lastKnownFileType = sourcecode.swift; path = FirebaseExtension.swift; sourceTree = "<group>"; };
		E957AA182BDAA6E80089E395 /* CustomImageView.swift */ = {isa = PBXFileReference; lastKnownFileType = sourcecode.swift; path = CustomImageView.swift; sourceTree = "<group>"; };
		E96FB20C2C5EBFE300CF6243 /* ProfileInterfaces.swift */ = {isa = PBXFileReference; lastKnownFileType = sourcecode.swift; path = ProfileInterfaces.swift; sourceTree = "<group>"; };
		E96FB20D2C5EBFE300CF6243 /* ProfilePresenter.swift */ = {isa = PBXFileReference; lastKnownFileType = sourcecode.swift; path = ProfilePresenter.swift; sourceTree = "<group>"; };
		E96FB20E2C5EBFE300CF6243 /* ProfileViewController.swift */ = {isa = PBXFileReference; lastKnownFileType = sourcecode.swift; path = ProfileViewController.swift; sourceTree = "<group>"; };
		E96FB20F2C5EBFE300CF6243 /* ProfileInteractor.swift */ = {isa = PBXFileReference; lastKnownFileType = sourcecode.swift; path = ProfileInteractor.swift; sourceTree = "<group>"; };
		E96FB2102C5EBFE300CF6243 /* ProfileWireframe.swift */ = {isa = PBXFileReference; lastKnownFileType = sourcecode.swift; path = ProfileWireframe.swift; sourceTree = "<group>"; };
		E96FB2172C5EC79900CF6243 /* BookModel.swift */ = {isa = PBXFileReference; lastKnownFileType = sourcecode.swift; path = BookModel.swift; sourceTree = "<group>"; };
		E996D7522BFDBAF7000AE202 /* ShareBookController.swift */ = {isa = PBXFileReference; lastKnownFileType = sourcecode.swift; path = ShareBookController.swift; sourceTree = "<group>"; };
		E9AF449E2C594CB7006EA614 /* SignUpInterfaces.swift */ = {isa = PBXFileReference; lastKnownFileType = sourcecode.swift; path = SignUpInterfaces.swift; sourceTree = "<group>"; };
		E9AF449F2C594CB7006EA614 /* SignUpPresenter.swift */ = {isa = PBXFileReference; lastKnownFileType = sourcecode.swift; path = SignUpPresenter.swift; sourceTree = "<group>"; };
		E9AF44A02C594CB7006EA614 /* SignUpViewController.swift */ = {isa = PBXFileReference; lastKnownFileType = sourcecode.swift; path = SignUpViewController.swift; sourceTree = "<group>"; };
		E9AF44A12C594CB7006EA614 /* SignUpInteractor.swift */ = {isa = PBXFileReference; lastKnownFileType = sourcecode.swift; path = SignUpInteractor.swift; sourceTree = "<group>"; };
		E9AF44A22C594CB7006EA614 /* SignUpWireframe.swift */ = {isa = PBXFileReference; lastKnownFileType = sourcecode.swift; path = SignUpWireframe.swift; sourceTree = "<group>"; };
		E9AF44A92C594CD4006EA614 /* BaseWireframe.swift */ = {isa = PBXFileReference; lastKnownFileType = sourcecode.swift; path = BaseWireframe.swift; sourceTree = "<group>"; };
		E9AF44AA2C594CD4006EA614 /* FormatterInterface.swift */ = {isa = PBXFileReference; lastKnownFileType = sourcecode.swift; path = FormatterInterface.swift; sourceTree = "<group>"; };
		E9AF44AB2C594CD4006EA614 /* UIStoryboardExtension.swift */ = {isa = PBXFileReference; lastKnownFileType = sourcecode.swift; path = UIStoryboardExtension.swift; sourceTree = "<group>"; };
		E9AF44AC2C594CD4006EA614 /* PresenterInterface.swift */ = {isa = PBXFileReference; lastKnownFileType = sourcecode.swift; path = PresenterInterface.swift; sourceTree = "<group>"; };
		E9AF44AD2C594CD4006EA614 /* ViewInterface.swift */ = {isa = PBXFileReference; lastKnownFileType = sourcecode.swift; path = ViewInterface.swift; sourceTree = "<group>"; };
		E9AF44AE2C594CD4006EA614 /* InteractorInterface.swift */ = {isa = PBXFileReference; lastKnownFileType = sourcecode.swift; path = InteractorInterface.swift; sourceTree = "<group>"; };
		E9B24A362BFBC2CB009C21C1 /* PhotoSelectorCell.swift */ = {isa = PBXFileReference; fileEncoding = 4; lastKnownFileType = sourcecode.swift; path = PhotoSelectorCell.swift; sourceTree = "<group>"; };
		E9B24A372BFBC2CB009C21C1 /* PhotoSelectorController.swift */ = {isa = PBXFileReference; fileEncoding = 4; lastKnownFileType = sourcecode.swift; path = PhotoSelectorController.swift; sourceTree = "<group>"; };
		E9B24A382BFBC2CB009C21C1 /* PhotoSelectorHeader.swift */ = {isa = PBXFileReference; fileEncoding = 4; lastKnownFileType = sourcecode.swift; path = PhotoSelectorHeader.swift; sourceTree = "<group>"; };
		E9B24A392BFBC2CB009C21C1 /* AddBookController.swift */ = {isa = PBXFileReference; fileEncoding = 4; lastKnownFileType = sourcecode.swift; path = AddBookController.swift; sourceTree = "<group>"; };
		E9B88E7A2C282CE5003D915F /* PostModel.swift */ = {isa = PBXFileReference; lastKnownFileType = sourcecode.swift; path = PostModel.swift; sourceTree = "<group>"; };
		E9B88E892C283207003D915F /* PostCollectionViewCell.swift */ = {isa = PBXFileReference; lastKnownFileType = sourcecode.swift; path = PostCollectionViewCell.swift; sourceTree = "<group>"; };
		E9B88E8E2C283CE3003D915F /* UserModel.swift */ = {isa = PBXFileReference; lastKnownFileType = sourcecode.swift; path = UserModel.swift; sourceTree = "<group>"; };
		E9B949F12BD437D00025D344 /* Project.app */ = {isa = PBXFileReference; explicitFileType = wrapper.application; includeInIndex = 0; path = Project.app; sourceTree = BUILT_PRODUCTS_DIR; };
		E9B949F42BD437D00025D344 /* AppDelegate.swift */ = {isa = PBXFileReference; lastKnownFileType = sourcecode.swift; path = AppDelegate.swift; sourceTree = "<group>"; };
		E9B949FD2BD437D20025D344 /* Assets.xcassets */ = {isa = PBXFileReference; lastKnownFileType = folder.assetcatalog; path = Assets.xcassets; sourceTree = "<group>"; };
		E9B94A022BD437D20025D344 /* Info.plist */ = {isa = PBXFileReference; lastKnownFileType = text.plist.xml; path = Info.plist; sourceTree = "<group>"; };
		E9B94A082BD4393B0025D344 /* SignUpViewControllerr.swift */ = {isa = PBXFileReference; lastKnownFileType = sourcecode.swift; path = SignUpViewControllerr.swift; sourceTree = "<group>"; };
		E9B94A0A2BD43B5B0025D344 /* UIViewExtension.swift */ = {isa = PBXFileReference; lastKnownFileType = sourcecode.swift; path = UIViewExtension.swift; sourceTree = "<group>"; };
		E9B94A0C2BD43E810025D344 /* MainTabBarController.swift */ = {isa = PBXFileReference; lastKnownFileType = sourcecode.swift; path = MainTabBarController.swift; sourceTree = "<group>"; };
		E9C1EF682C11FECD003035AD /* SwapViewControllerr.swift */ = {isa = PBXFileReference; lastKnownFileType = sourcecode.swift; path = SwapViewControllerr.swift; sourceTree = "<group>"; };
		E9C1EF6A2C120503003035AD /* CustomRequestsCell.swift */ = {isa = PBXFileReference; lastKnownFileType = sourcecode.swift; path = CustomRequestsCell.swift; sourceTree = "<group>"; };
		E9D9FA872BD53FE000BAADD5 /* LoginViewControllerr.swift */ = {isa = PBXFileReference; lastKnownFileType = sourcecode.swift; path = LoginViewControllerr.swift; sourceTree = "<group>"; };
		E9D9FA892BD5437800BAADD5 /* GoogleService-Info.plist */ = {isa = PBXFileReference; fileEncoding = 4; lastKnownFileType = text.plist.xml; path = "GoogleService-Info.plist"; sourceTree = "<group>"; };
		E9D9FA982BD55C6900BAADD5 /* ProfileViewControllerr.swift */ = {isa = PBXFileReference; lastKnownFileType = sourcecode.swift; path = ProfileViewControllerr.swift; sourceTree = "<group>"; };
/* End PBXFileReference section */

/* Begin PBXFrameworksBuildPhase section */
		E9B949EE2BD437D00025D344 /* Frameworks */ = {
			isa = PBXFrameworksBuildPhase;
			buildActionMask = 2147483647;
			files = (
				E9D9FA932BD5469200BAADD5 /* FirebaseDatabaseSwift in Frameworks */,
				E9D9FA912BD5469200BAADD5 /* FirebaseDatabase in Frameworks */,
				E9D9FA8D2BD5469200BAADD5 /* FirebaseAuth in Frameworks */,
				E9D9FA952BD5469200BAADD5 /* FirebaseStorage in Frameworks */,
				E9D9FA972BD5469200BAADD5 /* FirebaseStorageCombine-Community in Frameworks */,
				E9D9FA8F2BD5469200BAADD5 /* FirebaseAuthCombine-Community in Frameworks */,
				E915CE1A2C622AA600490DA6 /* PKHUD in Frameworks */,
			);
			runOnlyForDeploymentPostprocessing = 0;
		};
/* End PBXFrameworksBuildPhase section */

/* Begin PBXGroup section */
		E906B5342C5B98B50066B835 /* Login */ = {
			isa = PBXGroup;
			children = (
				E906B52A2C5B98990066B835 /* LoginInterfaces.swift */,
				E906B52B2C5B98990066B835 /* LoginPresenter.swift */,
				E906B52C2C5B98990066B835 /* LoginViewController.swift */,
				E906B52D2C5B98990066B835 /* LoginInteractor.swift */,
				E906B52E2C5B98990066B835 /* LoginWireframe.swift */,
			);
			path = Login;
			sourceTree = "<group>";
		};
		E915CE0A2C60EEA800490DA6 /* TabBar */ = {
			isa = PBXGroup;
			children = (
				E915CE0B2C60EEC000490DA6 /* TabBarInterfaces.swift */,
				E915CE0C2C60EEC000490DA6 /* TabBarPresenter.swift */,
				E915CE0D2C60EEC000490DA6 /* TabBarController.swift */,
				E915CE0E2C60EEC000490DA6 /* TabBarWireframe.swift */,
			);
			path = TabBar;
			sourceTree = "<group>";
		};
		E915CE152C622A5400490DA6 /* Frameworks */ = {
			isa = PBXGroup;
			children = (
			);
			name = Frameworks;
			sourceTree = "<group>";
		};
		E915CE2D2C62321C00490DA6 /* Search */ = {
			isa = PBXGroup;
			children = (
				E915CE232C62313800490DA6 /* SearchInterfaces.swift */,
				E915CE242C62313800490DA6 /* SearchPresenter.swift */,
				E915CE252C62313800490DA6 /* SearchViewController.swift */,
				E915CE262C62313800490DA6 /* SearchInteractor.swift */,
				E915CE272C62313800490DA6 /* SearchWireframe.swift */,
			);
			path = Search;
			sourceTree = "<group>";
		};
		E915CE2F2C63A9D600490DA6 /* Home */ = {
			isa = PBXGroup;
			children = (
				E915CE302C63A9E400490DA6 /* HomeInterfaces.swift */,
				E915CE312C63A9E400490DA6 /* HomePresenter.swift */,
				E915CE322C63A9E400490DA6 /* HomeViewController.swift */,
				E915CE332C63A9E400490DA6 /* HomeInteractor.swift */,
				E915CE342C63A9E400490DA6 /* HomeWireframe.swift */,
			);
			path = Home;
			sourceTree = "<group>";
		};
		E915CE3A2C64A90900490DA6 /* PhotoSelector */ = {
			isa = PBXGroup;
			children = (
				E915CE3B2C64AAA200490DA6 /* PhotoSelectorInterfaces.swift */,
				E915CE3C2C64AAA200490DA6 /* PhotoSelectorPresenter.swift */,
				E915CE3D2C64AAA200490DA6 /* PhotoSelectorViewController.swift */,
				E915CE3E2C64AAA200490DA6 /* PhotoSelectorInteractor.swift */,
				E915CE3F2C64AAA200490DA6 /* PhotoSelectorWireframe.swift */,
			);
			path = PhotoSelector;
			sourceTree = "<group>";
		};
		E915CE472C64AF1600490DA6 /* VIPER */ = {
			isa = PBXGroup;
			children = (
				E9AF44A92C594CD4006EA614 /* BaseWireframe.swift */,
				E9AF44AA2C594CD4006EA614 /* FormatterInterface.swift */,
				E9AF44AB2C594CD4006EA614 /* UIStoryboardExtension.swift */,
				E9AF44AC2C594CD4006EA614 /* PresenterInterface.swift */,
				E9AF44AD2C594CD4006EA614 /* ViewInterface.swift */,
				E9AF44AE2C594CD4006EA614 /* InteractorInterface.swift */,
			);
			path = VIPER;
			sourceTree = "<group>";
		};
		E915CE482C64AF3400490DA6 /* CustomCells */ = {
			isa = PBXGroup;
			children = (
				E957AA102BDA8CE70089E395 /* CustomPostCell.swift */,
				E9B88E892C283207003D915F /* PostCollectionViewCell.swift */,
				E92F58972C033D0000289469 /* CustomBookCell.swift */,
				E93947A02C08BA30008BF5BC /* SearchBookCell.swift */,
				E9B24A362BFBC2CB009C21C1 /* PhotoSelectorCell.swift */,
				E9B24A382BFBC2CB009C21C1 /* PhotoSelectorHeader.swift */,
				E9C1EF6A2C120503003035AD /* CustomRequestsCell.swift */,
			);
			path = CustomCells;
			sourceTree = "<group>";
		};
		E915CE4A2C64E14D00490DA6 /* ShareBook */ = {
			isa = PBXGroup;
			children = (
				E915CE602C6502D700490DA6 /* ShareBookInterfaces.swift */,
				E915CE612C6502D700490DA6 /* ShareBookPresenter.swift */,
				E915CE622C6502D700490DA6 /* ShareBookViewController.swift */,
				E915CE632C6502D700490DA6 /* ShareBookInteractor.swift */,
				E915CE642C6502D700490DA6 /* ShareBookWireframe.swift */,
			);
			path = ShareBook;
			sourceTree = "<group>";
		};
		E915CE552C64E1DA00490DA6 /* AddBook */ = {
			isa = PBXGroup;
			children = (
				E915CE562C64E1F400490DA6 /* AddBookInterfaces.swift */,
				E915CE572C64E1F400490DA6 /* AddBookPresenter.swift */,
				E915CE582C64E1F400490DA6 /* AddBookViewController.swift */,
				E915CE592C64E1F400490DA6 /* AddBookInteractor.swift */,
				E915CE5A2C64E1F400490DA6 /* AddBookWireframe.swift */,
			);
			path = AddBook;
			sourceTree = "<group>";
		};
		E915CE6A2C650B7300490DA6 /* Swap */ = {
			isa = PBXGroup;
			children = (
				E915CE6C2C650B8600490DA6 /* SwapInterfaces.swift */,
				E915CE6D2C650B8600490DA6 /* SwapPresenter.swift */,
				E915CE6E2C650B8600490DA6 /* SwapViewController.swift */,
				E915CE6F2C650B8600490DA6 /* SwapInteractor.swift */,
				E915CE702C650B8600490DA6 /* SwapWireframe.swift */,
			);
			path = Swap;
			sourceTree = "<group>";
		};
		E920F9E42BE2E34F00AD5CE9 /* Core */ = {
			isa = PBXGroup;
			children = (
				E9B94A0C2BD43E810025D344 /* MainTabBarController.swift */,
			);
			path = Core;
			sourceTree = "<group>";
		};
		E920F9E52BE2E36500AD5CE9 /* ViewController */ = {
			isa = PBXGroup;
			children = (
				E9C1EF682C11FECD003035AD /* SwapViewControllerr.swift */,
				E996D7522BFDBAF7000AE202 /* ShareBookController.swift */,
				E9B24A392BFBC2CB009C21C1 /* AddBookController.swift */,
				E9D9FA982BD55C6900BAADD5 /* ProfileViewControllerr.swift */,
				E9B94A082BD4393B0025D344 /* SignUpViewControllerr.swift */,
				E9D9FA872BD53FE000BAADD5 /* LoginViewControllerr.swift */,
				E9B24A372BFBC2CB009C21C1 /* PhotoSelectorController.swift */,
				E939479E2C08B9D8008BF5BC /* SearchBookViewController.swift */,
				E9355D272C19B057003F212C /* HomeViewControllerr.swift */,
			);
			path = ViewController;
			sourceTree = "<group>";
		};
		E920F9E62BE2E37B00AD5CE9 /* Utils */ = {
			isa = PBXGroup;
			children = (
				E9B949FD2BD437D20025D344 /* Assets.xcassets */,
				E957AA182BDAA6E80089E395 /* CustomImageView.swift */,
				E9206BA22C1222BE00B08AFE /* VCPreview.swift */,
			);
			path = Utils;
			sourceTree = "<group>";
		};
		E920F9E72BE2E38B00AD5CE9 /* View */ = {
			isa = PBXGroup;
			children = (
			);
			path = View;
			sourceTree = "<group>";
		};
		E920F9E82BE2E3A000AD5CE9 /* Model */ = {
			isa = PBXGroup;
			children = (
			);
			path = Model;
			sourceTree = "<group>";
		};
		E920F9E92BE2E3AC00AD5CE9 /* Extensions */ = {
			isa = PBXGroup;
			children = (
				E9B94A0A2BD43B5B0025D344 /* UIViewExtension.swift */,
				E957AA162BDAA6450089E395 /* FirebaseExtension.swift */,
				E94AD3642C182CD1007B9A0F /* DateExtension.swift */,
			);
			path = Extensions;
			sourceTree = "<group>";
		};
		E96FB20B2C5EBFD300CF6243 /* Profile */ = {
			isa = PBXGroup;
			children = (
				E96FB20C2C5EBFE300CF6243 /* ProfileInterfaces.swift */,
				E96FB20D2C5EBFE300CF6243 /* ProfilePresenter.swift */,
				E96FB20E2C5EBFE300CF6243 /* ProfileViewController.swift */,
				E96FB20F2C5EBFE300CF6243 /* ProfileInteractor.swift */,
				E96FB2102C5EBFE300CF6243 /* ProfileWireframe.swift */,
			);
			path = Profile;
			sourceTree = "<group>";
		};
		E9AF449D2C594C60006EA614 /* BookNetVIPER2 */ = {
			isa = PBXGroup;
			children = (
				E915CE6A2C650B7300490DA6 /* Swap */,
				E915CE552C64E1DA00490DA6 /* AddBook */,
				E915CE4A2C64E14D00490DA6 /* ShareBook */,
				E915CE3A2C64A90900490DA6 /* PhotoSelector */,
				E915CE2F2C63A9D600490DA6 /* Home */,
				E915CE0A2C60EEA800490DA6 /* TabBar */,
				E96FB20B2C5EBFD300CF6243 /* Profile */,
				E906B5342C5B98B50066B835 /* Login */,
				E9AF44A82C594CC1006EA614 /* SignUp */,
				E915CE2D2C62321C00490DA6 /* Search */,
				E9AF44B52C594CDD006EA614 /* Common */,
				E9B88E792C282CC4003D915F /* Entities */,
			);
			path = BookNetVIPER2;
			sourceTree = "<group>";
		};
		E9AF44A82C594CC1006EA614 /* SignUp */ = {
			isa = PBXGroup;
			children = (
				E9AF449E2C594CB7006EA614 /* SignUpInterfaces.swift */,
				E9AF449F2C594CB7006EA614 /* SignUpPresenter.swift */,
				E9AF44A02C594CB7006EA614 /* SignUpViewController.swift */,
				E9AF44A12C594CB7006EA614 /* SignUpInteractor.swift */,
				E9AF44A22C594CB7006EA614 /* SignUpWireframe.swift */,
			);
			path = SignUp;
			sourceTree = "<group>";
		};
		E9AF44B52C594CDD006EA614 /* Common */ = {
			isa = PBXGroup;
			children = (
				E915CE482C64AF3400490DA6 /* CustomCells */,
				E915CE472C64AF1600490DA6 /* VIPER */,
			);
			path = Common;
			sourceTree = "<group>";
		};
		E9B88E792C282CC4003D915F /* Entities */ = {
			isa = PBXGroup;
			children = (
				E9B88E7A2C282CE5003D915F /* PostModel.swift */,
				E9B88E8E2C283CE3003D915F /* UserModel.swift */,
				E96FB2172C5EC79900CF6243 /* BookModel.swift */,
				E915CE452C64ABE400490DA6 /* PhotoModel.swift */,
				E924F5852C0B6E0A00DDB21A /* RequestModel.swift */,
			);
			path = Entities;
			sourceTree = "<group>";
		};
		E9B88E902C2840D8003D915F /* Core */ = {
			isa = PBXGroup;
			children = (
				E9B949F42BD437D00025D344 /* AppDelegate.swift */,
				E915CE082C60EC1000490DA6 /* Constants.swift */,
			);
			name = Core;
			path = BookNetVIPER/Core;
			sourceTree = "<group>";
		};
		E9B949E82BD437D00025D344 = {
			isa = PBXGroup;
			children = (
				E9B949F32BD437D00025D344 /* BookNet */,
				E9B949F22BD437D00025D344 /* Products */,
				E915CE152C622A5400490DA6 /* Frameworks */,
			);
			sourceTree = "<group>";
		};
		E9B949F22BD437D00025D344 /* Products */ = {
			isa = PBXGroup;
			children = (
				E9B949F12BD437D00025D344 /* Project.app */,
			);
			name = Products;
			sourceTree = "<group>";
		};
		E9B949F32BD437D00025D344 /* BookNet */ = {
			isa = PBXGroup;
			children = (
				E9AF449D2C594C60006EA614 /* BookNetVIPER2 */,
				E9B88E902C2840D8003D915F /* Core */,
				E920F9E42BE2E34F00AD5CE9 /* Core */,
				E920F9E52BE2E36500AD5CE9 /* ViewController */,
				E920F9E62BE2E37B00AD5CE9 /* Utils */,
				E920F9E72BE2E38B00AD5CE9 /* View */,
				E920F9E82BE2E3A000AD5CE9 /* Model */,
				E920F9E92BE2E3AC00AD5CE9 /* Extensions */,
				E9B94A022BD437D20025D344 /* Info.plist */,
				E9D9FA892BD5437800BAADD5 /* GoogleService-Info.plist */,
			);
			path = BookNet;
			sourceTree = "<group>";
		};
/* End PBXGroup section */

/* Begin PBXNativeTarget section */
		E9B949F02BD437D00025D344 /* Project */ = {
			isa = PBXNativeTarget;
			buildConfigurationList = E9B94A052BD437D20025D344 /* Build configuration list for PBXNativeTarget "Project" */;
			buildPhases = (
				E9B949ED2BD437D00025D344 /* Sources */,
				E9B949EE2BD437D00025D344 /* Frameworks */,
				E9B949EF2BD437D00025D344 /* Resources */,
			);
			buildRules = (
			);
			dependencies = (
			);
			name = Project;
			packageProductDependencies = (
				E9D9FA8C2BD5469200BAADD5 /* FirebaseAuth */,
				E9D9FA8E2BD5469200BAADD5 /* FirebaseAuthCombine-Community */,
				E9D9FA902BD5469200BAADD5 /* FirebaseDatabase */,
				E9D9FA922BD5469200BAADD5 /* FirebaseDatabaseSwift */,
				E9D9FA942BD5469200BAADD5 /* FirebaseStorage */,
				E9D9FA962BD5469200BAADD5 /* FirebaseStorageCombine-Community */,
				E915CE192C622AA600490DA6 /* PKHUD */,
			);
			productName = Project;
			productReference = E9B949F12BD437D00025D344 /* Project.app */;
			productType = "com.apple.product-type.application";
		};
/* End PBXNativeTarget section */

/* Begin PBXProject section */
		E9B949E92BD437D00025D344 /* Project object */ = {
			isa = PBXProject;
			attributes = {
				BuildIndependentTargetsInParallel = 1;
				LastSwiftUpdateCheck = 1530;
				LastUpgradeCheck = 1530;
				TargetAttributes = {
					E9B949F02BD437D00025D344 = {
						CreatedOnToolsVersion = 15.3;
					};
				};
			};
			buildConfigurationList = E9B949EC2BD437D00025D344 /* Build configuration list for PBXProject "BookNet" */;
			compatibilityVersion = "Xcode 14.0";
			developmentRegion = en;
			hasScannedForEncodings = 0;
			knownRegions = (
				en,
				Base,
			);
			mainGroup = E9B949E82BD437D00025D344;
			packageReferences = (
				E9D9FA8B2BD5469200BAADD5 /* XCRemoteSwiftPackageReference "firebase-ios-sdk" */,
				E915CE182C622AA600490DA6 /* XCRemoteSwiftPackageReference "PKHUD" */,
			);
			productRefGroup = E9B949F22BD437D00025D344 /* Products */;
			projectDirPath = "";
			projectRoot = "";
			targets = (
				E9B949F02BD437D00025D344 /* Project */,
			);
		};
/* End PBXProject section */

/* Begin PBXResourcesBuildPhase section */
		E9B949EF2BD437D00025D344 /* Resources */ = {
			isa = PBXResourcesBuildPhase;
			buildActionMask = 2147483647;
			files = (
				E9B949FE2BD437D20025D344 /* Assets.xcassets in Resources */,
				E9D9FA8A2BD5437800BAADD5 /* GoogleService-Info.plist in Resources */,
			);
			runOnlyForDeploymentPostprocessing = 0;
		};
/* End PBXResourcesBuildPhase section */

/* Begin PBXSourcesBuildPhase section */
		E9B949ED2BD437D00025D344 /* Sources */ = {
			isa = PBXSourcesBuildPhase;
			buildActionMask = 2147483647;
			files = (
				E915CE5B2C64E1F400490DA6 /* AddBookInterfaces.swift in Sources */,
				E915CE5C2C64E1F400490DA6 /* AddBookPresenter.swift in Sources */,
				E915CE5D2C64E1F400490DA6 /* AddBookViewController.swift in Sources */,
				E915CE5E2C64E1F400490DA6 /* AddBookInteractor.swift in Sources */,
				E915CE5F2C64E1F400490DA6 /* AddBookWireframe.swift in Sources */,
				E9D9FA882BD53FE000BAADD5 /* LoginViewControllerr.swift in Sources */,
				E9B94A0B2BD43B5B0025D344 /* UIViewExtension.swift in Sources */,
				E9C1EF6B2C120503003035AD /* CustomRequestsCell.swift in Sources */,
				E9B24A3B2BFBC2CB009C21C1 /* PhotoSelectorCell.swift in Sources */,
				E94AD3652C182CD1007B9A0F /* DateExtension.swift in Sources */,
				E92F58982C033D0000289469 /* CustomBookCell.swift in Sources */,
				E9AF44A32C594CB7006EA614 /* SignUpInterfaces.swift in Sources */,
				E915CE712C650B8600490DA6 /* SwapInterfaces.swift in Sources */,
				E915CE722C650B8600490DA6 /* SwapPresenter.swift in Sources */,
				E915CE732C650B8600490DA6 /* SwapViewController.swift in Sources */,
				E915CE742C650B8600490DA6 /* SwapInteractor.swift in Sources */,
				E915CE752C650B8600490DA6 /* SwapWireframe.swift in Sources */,
				E96FB2112C5EBFE300CF6243 /* ProfileInterfaces.swift in Sources */,
				E915CE0F2C60EEC000490DA6 /* TabBarInterfaces.swift in Sources */,
				E915CE102C60EEC000490DA6 /* TabBarPresenter.swift in Sources */,
				E915CE112C60EEC000490DA6 /* TabBarController.swift in Sources */,
				E915CE122C60EEC000490DA6 /* TabBarWireframe.swift in Sources */,
				E96FB2122C5EBFE300CF6243 /* ProfilePresenter.swift in Sources */,
				E96FB2132C5EBFE300CF6243 /* ProfileViewController.swift in Sources */,
				E915CE652C6502D700490DA6 /* ShareBookInterfaces.swift in Sources */,
				E915CE662C6502D700490DA6 /* ShareBookPresenter.swift in Sources */,
				E915CE672C6502D700490DA6 /* ShareBookViewController.swift in Sources */,
				E915CE682C6502D700490DA6 /* ShareBookInteractor.swift in Sources */,
				E915CE692C6502D700490DA6 /* ShareBookWireframe.swift in Sources */,
				E96FB2142C5EBFE300CF6243 /* ProfileInteractor.swift in Sources */,
				E96FB2152C5EBFE300CF6243 /* ProfileWireframe.swift in Sources */,
				E9AF44A42C594CB7006EA614 /* SignUpPresenter.swift in Sources */,
				E9AF44A52C594CB7006EA614 /* SignUpViewController.swift in Sources */,
				E9AF44A62C594CB7006EA614 /* SignUpInteractor.swift in Sources */,
				E9AF44A72C594CB7006EA614 /* SignUpWireframe.swift in Sources */,
				E957AA172BDAA6450089E395 /* FirebaseExtension.swift in Sources */,
				E915CE402C64AAA200490DA6 /* PhotoSelectorInterfaces.swift in Sources */,
				E915CE412C64AAA200490DA6 /* PhotoSelectorPresenter.swift in Sources */,
				E915CE422C64AAA200490DA6 /* PhotoSelectorViewController.swift in Sources */,
				E915CE432C64AAA200490DA6 /* PhotoSelectorInteractor.swift in Sources */,
				E915CE442C64AAA200490DA6 /* PhotoSelectorWireframe.swift in Sources */,
				E9B94A0D2BD43E810025D344 /* MainTabBarController.swift in Sources */,
				E924F5862C0B6E0A00DDB21A /* RequestModel.swift in Sources */,
				E9AF44AF2C594CD4006EA614 /* BaseWireframe.swift in Sources */,
				E9AF44B02C594CD4006EA614 /* FormatterInterface.swift in Sources */,
				E915CE282C62313800490DA6 /* SearchInterfaces.swift in Sources */,
				E915CE292C62313800490DA6 /* SearchPresenter.swift in Sources */,
				E915CE2A2C62313800490DA6 /* SearchViewController.swift in Sources */,
				E915CE2B2C62313800490DA6 /* SearchInteractor.swift in Sources */,
				E915CE2C2C62313800490DA6 /* SearchWireframe.swift in Sources */,
				E9AF44B12C594CD4006EA614 /* UIStoryboardExtension.swift in Sources */,
				E915CE092C60EC1000490DA6 /* Constants.swift in Sources */,
				E9AF44B22C594CD4006EA614 /* PresenterInterface.swift in Sources */,
				E9AF44B32C594CD4006EA614 /* ViewInterface.swift in Sources */,
				E915CE462C64ABE400490DA6 /* PhotoModel.swift in Sources */,
				E9AF44B42C594CD4006EA614 /* InteractorInterface.swift in Sources */,
				E9B88E8A2C283207003D915F /* PostCollectionViewCell.swift in Sources */,
				E93947A12C08BA30008BF5BC /* SearchBookCell.swift in Sources */,
				E9B949F52BD437D00025D344 /* AppDelegate.swift in Sources */,
				E9B24A3D2BFBC2CB009C21C1 /* PhotoSelectorHeader.swift in Sources */,
				E9355D282C19B057003F212C /* HomeViewControllerr.swift in Sources */,
				E9B94A092BD4393B0025D344 /* SignUpViewControllerr.swift in Sources */,
				E9C1EF692C11FECD003035AD /* SwapViewControllerr.swift in Sources */,
				E906B52F2C5B98990066B835 /* LoginInterfaces.swift in Sources */,
				E915CE352C63A9E400490DA6 /* HomeInterfaces.swift in Sources */,
				E915CE362C63A9E400490DA6 /* HomePresenter.swift in Sources */,
				E915CE372C63A9E400490DA6 /* HomeViewController.swift in Sources */,
				E915CE382C63A9E400490DA6 /* HomeInteractor.swift in Sources */,
				E915CE392C63A9E400490DA6 /* HomeWireframe.swift in Sources */,
				E906B5302C5B98990066B835 /* LoginPresenter.swift in Sources */,
				E906B5312C5B98990066B835 /* LoginViewController.swift in Sources */,
				E906B5322C5B98990066B835 /* LoginInteractor.swift in Sources */,
				E906B5332C5B98990066B835 /* LoginWireframe.swift in Sources */,
				E9206BA32C1222BE00B08AFE /* VCPreview.swift in Sources */,
				E96FB2182C5EC79900CF6243 /* BookModel.swift in Sources */,
				E9B88E7B2C282CE5003D915F /* PostModel.swift in Sources */,
				E9B24A3E2BFBC2CB009C21C1 /* AddBookController.swift in Sources */,
				E9B24A3C2BFBC2CB009C21C1 /* PhotoSelectorController.swift in Sources */,
				E996D7532BFDBAF7000AE202 /* ShareBookController.swift in Sources */,
				E9D9FA992BD55C6900BAADD5 /* ProfileViewControllerr.swift in Sources */,
				E957AA112BDA8CE70089E395 /* CustomPostCell.swift in Sources */,
				E939479F2C08B9D8008BF5BC /* SearchBookViewController.swift in Sources */,
				E9B88E8F2C283CE3003D915F /* UserModel.swift in Sources */,
				E957AA192BDAA6E80089E395 /* CustomImageView.swift in Sources */,
			);
			runOnlyForDeploymentPostprocessing = 0;
		};
/* End PBXSourcesBuildPhase section */

/* Begin XCBuildConfiguration section */
		E9B94A032BD437D20025D344 /* Debug */ = {
			isa = XCBuildConfiguration;
			buildSettings = {
				ALWAYS_SEARCH_USER_PATHS = NO;
				ASSETCATALOG_COMPILER_GENERATE_SWIFT_ASSET_SYMBOL_EXTENSIONS = YES;
				CLANG_ANALYZER_NONNULL = YES;
				CLANG_ANALYZER_NUMBER_OBJECT_CONVERSION = YES_AGGRESSIVE;
				CLANG_CXX_LANGUAGE_STANDARD = "gnu++20";
				CLANG_ENABLE_MODULES = YES;
				CLANG_ENABLE_OBJC_ARC = YES;
				CLANG_ENABLE_OBJC_WEAK = YES;
				CLANG_WARN_BLOCK_CAPTURE_AUTORELEASING = YES;
				CLANG_WARN_BOOL_CONVERSION = YES;
				CLANG_WARN_COMMA = YES;
				CLANG_WARN_CONSTANT_CONVERSION = YES;
				CLANG_WARN_DEPRECATED_OBJC_IMPLEMENTATIONS = YES;
				CLANG_WARN_DIRECT_OBJC_ISA_USAGE = YES_ERROR;
				CLANG_WARN_DOCUMENTATION_COMMENTS = YES;
				CLANG_WARN_EMPTY_BODY = YES;
				CLANG_WARN_ENUM_CONVERSION = YES;
				CLANG_WARN_INFINITE_RECURSION = YES;
				CLANG_WARN_INT_CONVERSION = YES;
				CLANG_WARN_NON_LITERAL_NULL_CONVERSION = YES;
				CLANG_WARN_OBJC_IMPLICIT_RETAIN_SELF = YES;
				CLANG_WARN_OBJC_LITERAL_CONVERSION = YES;
				CLANG_WARN_OBJC_ROOT_CLASS = YES_ERROR;
				CLANG_WARN_QUOTED_INCLUDE_IN_FRAMEWORK_HEADER = YES;
				CLANG_WARN_RANGE_LOOP_ANALYSIS = YES;
				CLANG_WARN_STRICT_PROTOTYPES = YES;
				CLANG_WARN_SUSPICIOUS_MOVE = YES;
				CLANG_WARN_UNGUARDED_AVAILABILITY = YES_AGGRESSIVE;
				CLANG_WARN_UNREACHABLE_CODE = YES;
				CLANG_WARN__DUPLICATE_METHOD_MATCH = YES;
				COPY_PHASE_STRIP = NO;
				DEBUG_INFORMATION_FORMAT = dwarf;
				ENABLE_STRICT_OBJC_MSGSEND = YES;
				ENABLE_TESTABILITY = YES;
				ENABLE_USER_SCRIPT_SANDBOXING = YES;
				GCC_C_LANGUAGE_STANDARD = gnu17;
				GCC_DYNAMIC_NO_PIC = NO;
				GCC_NO_COMMON_BLOCKS = YES;
				GCC_OPTIMIZATION_LEVEL = 0;
				GCC_PREPROCESSOR_DEFINITIONS = (
					"DEBUG=1",
					"$(inherited)",
				);
				GCC_WARN_64_TO_32_BIT_CONVERSION = YES;
				GCC_WARN_ABOUT_RETURN_TYPE = YES_ERROR;
				GCC_WARN_UNDECLARED_SELECTOR = YES;
				GCC_WARN_UNINITIALIZED_AUTOS = YES_AGGRESSIVE;
				GCC_WARN_UNUSED_FUNCTION = YES;
				GCC_WARN_UNUSED_VARIABLE = YES;
				IPHONEOS_DEPLOYMENT_TARGET = 17.4;
				LOCALIZATION_PREFERS_STRING_CATALOGS = YES;
				MTL_ENABLE_DEBUG_INFO = INCLUDE_SOURCE;
				MTL_FAST_MATH = YES;
				ONLY_ACTIVE_ARCH = YES;
				SDKROOT = iphoneos;
				SWIFT_ACTIVE_COMPILATION_CONDITIONS = "DEBUG $(inherited)";
				SWIFT_OPTIMIZATION_LEVEL = "-Onone";
			};
			name = Debug;
		};
		E9B94A042BD437D20025D344 /* Release */ = {
			isa = XCBuildConfiguration;
			buildSettings = {
				ALWAYS_SEARCH_USER_PATHS = NO;
				ASSETCATALOG_COMPILER_GENERATE_SWIFT_ASSET_SYMBOL_EXTENSIONS = YES;
				CLANG_ANALYZER_NONNULL = YES;
				CLANG_ANALYZER_NUMBER_OBJECT_CONVERSION = YES_AGGRESSIVE;
				CLANG_CXX_LANGUAGE_STANDARD = "gnu++20";
				CLANG_ENABLE_MODULES = YES;
				CLANG_ENABLE_OBJC_ARC = YES;
				CLANG_ENABLE_OBJC_WEAK = YES;
				CLANG_WARN_BLOCK_CAPTURE_AUTORELEASING = YES;
				CLANG_WARN_BOOL_CONVERSION = YES;
				CLANG_WARN_COMMA = YES;
				CLANG_WARN_CONSTANT_CONVERSION = YES;
				CLANG_WARN_DEPRECATED_OBJC_IMPLEMENTATIONS = YES;
				CLANG_WARN_DIRECT_OBJC_ISA_USAGE = YES_ERROR;
				CLANG_WARN_DOCUMENTATION_COMMENTS = YES;
				CLANG_WARN_EMPTY_BODY = YES;
				CLANG_WARN_ENUM_CONVERSION = YES;
				CLANG_WARN_INFINITE_RECURSION = YES;
				CLANG_WARN_INT_CONVERSION = YES;
				CLANG_WARN_NON_LITERAL_NULL_CONVERSION = YES;
				CLANG_WARN_OBJC_IMPLICIT_RETAIN_SELF = YES;
				CLANG_WARN_OBJC_LITERAL_CONVERSION = YES;
				CLANG_WARN_OBJC_ROOT_CLASS = YES_ERROR;
				CLANG_WARN_QUOTED_INCLUDE_IN_FRAMEWORK_HEADER = YES;
				CLANG_WARN_RANGE_LOOP_ANALYSIS = YES;
				CLANG_WARN_STRICT_PROTOTYPES = YES;
				CLANG_WARN_SUSPICIOUS_MOVE = YES;
				CLANG_WARN_UNGUARDED_AVAILABILITY = YES_AGGRESSIVE;
				CLANG_WARN_UNREACHABLE_CODE = YES;
				CLANG_WARN__DUPLICATE_METHOD_MATCH = YES;
				COPY_PHASE_STRIP = NO;
				DEBUG_INFORMATION_FORMAT = "dwarf-with-dsym";
				ENABLE_NS_ASSERTIONS = NO;
				ENABLE_STRICT_OBJC_MSGSEND = YES;
				ENABLE_USER_SCRIPT_SANDBOXING = YES;
				GCC_C_LANGUAGE_STANDARD = gnu17;
				GCC_NO_COMMON_BLOCKS = YES;
				GCC_WARN_64_TO_32_BIT_CONVERSION = YES;
				GCC_WARN_ABOUT_RETURN_TYPE = YES_ERROR;
				GCC_WARN_UNDECLARED_SELECTOR = YES;
				GCC_WARN_UNINITIALIZED_AUTOS = YES_AGGRESSIVE;
				GCC_WARN_UNUSED_FUNCTION = YES;
				GCC_WARN_UNUSED_VARIABLE = YES;
				IPHONEOS_DEPLOYMENT_TARGET = 17.4;
				LOCALIZATION_PREFERS_STRING_CATALOGS = YES;
				MTL_ENABLE_DEBUG_INFO = NO;
				MTL_FAST_MATH = YES;
				SDKROOT = iphoneos;
				SWIFT_COMPILATION_MODE = wholemodule;
				VALIDATE_PRODUCT = YES;
			};
			name = Release;
		};
		E9B94A062BD437D20025D344 /* Debug */ = {
			isa = XCBuildConfiguration;
			buildSettings = {
				ASSETCATALOG_COMPILER_APPICON_NAME = AppIcon;
				ASSETCATALOG_COMPILER_GLOBAL_ACCENT_COLOR_NAME = AccentColor;
				CODE_SIGN_STYLE = Automatic;
				CURRENT_PROJECT_VERSION = 1;
				DEVELOPMENT_TEAM = 9W5Z8G2RNJ;
				GENERATE_INFOPLIST_FILE = YES;
				INFOPLIST_FILE = BookNet/Info.plist;
				INFOPLIST_KEY_UIApplicationSupportsIndirectInputEvents = YES;
				INFOPLIST_KEY_UILaunchStoryboardName = LaunchScreen;
				INFOPLIST_KEY_UISupportedInterfaceOrientations_iPad = "UIInterfaceOrientationPortrait UIInterfaceOrientationPortraitUpsideDown UIInterfaceOrientationLandscapeLeft UIInterfaceOrientationLandscapeRight";
				INFOPLIST_KEY_UISupportedInterfaceOrientations_iPhone = "UIInterfaceOrientationPortrait UIInterfaceOrientationLandscapeLeft UIInterfaceOrientationLandscapeRight";
				LD_RUNPATH_SEARCH_PATHS = (
					"$(inherited)",
					"@executable_path/Frameworks",
				);
				MARKETING_VERSION = 1.0;
				PRODUCT_BUNDLE_IDENTIFIER = com.abdulkadiroruc.Project;
				PRODUCT_NAME = "$(TARGET_NAME)";
				SWIFT_EMIT_LOC_STRINGS = YES;
				SWIFT_VERSION = 5.0;
				TARGETED_DEVICE_FAMILY = "1,2";
			};
			name = Debug;
		};
		E9B94A072BD437D20025D344 /* Release */ = {
			isa = XCBuildConfiguration;
			buildSettings = {
				ASSETCATALOG_COMPILER_APPICON_NAME = AppIcon;
				ASSETCATALOG_COMPILER_GLOBAL_ACCENT_COLOR_NAME = AccentColor;
				CODE_SIGN_STYLE = Automatic;
				CURRENT_PROJECT_VERSION = 1;
				DEVELOPMENT_TEAM = 9W5Z8G2RNJ;
				GENERATE_INFOPLIST_FILE = YES;
				INFOPLIST_FILE = BookNet/Info.plist;
				INFOPLIST_KEY_UIApplicationSupportsIndirectInputEvents = YES;
				INFOPLIST_KEY_UILaunchStoryboardName = LaunchScreen;
				INFOPLIST_KEY_UISupportedInterfaceOrientations_iPad = "UIInterfaceOrientationPortrait UIInterfaceOrientationPortraitUpsideDown UIInterfaceOrientationLandscapeLeft UIInterfaceOrientationLandscapeRight";
				INFOPLIST_KEY_UISupportedInterfaceOrientations_iPhone = "UIInterfaceOrientationPortrait UIInterfaceOrientationLandscapeLeft UIInterfaceOrientationLandscapeRight";
				LD_RUNPATH_SEARCH_PATHS = (
					"$(inherited)",
					"@executable_path/Frameworks",
				);
				MARKETING_VERSION = 1.0;
				PRODUCT_BUNDLE_IDENTIFIER = com.abdulkadiroruc.Project;
				PRODUCT_NAME = "$(TARGET_NAME)";
				SWIFT_EMIT_LOC_STRINGS = YES;
				SWIFT_VERSION = 5.0;
				TARGETED_DEVICE_FAMILY = "1,2";
			};
			name = Release;
		};
/* End XCBuildConfiguration section */

/* Begin XCConfigurationList section */
		E9B949EC2BD437D00025D344 /* Build configuration list for PBXProject "BookNet" */ = {
			isa = XCConfigurationList;
			buildConfigurations = (
				E9B94A032BD437D20025D344 /* Debug */,
				E9B94A042BD437D20025D344 /* Release */,
			);
			defaultConfigurationIsVisible = 0;
			defaultConfigurationName = Release;
		};
		E9B94A052BD437D20025D344 /* Build configuration list for PBXNativeTarget "Project" */ = {
			isa = XCConfigurationList;
			buildConfigurations = (
				E9B94A062BD437D20025D344 /* Debug */,
				E9B94A072BD437D20025D344 /* Release */,
			);
			defaultConfigurationIsVisible = 0;
			defaultConfigurationName = Release;
		};
/* End XCConfigurationList section */

/* Begin XCRemoteSwiftPackageReference section */
		E915CE182C622AA600490DA6 /* XCRemoteSwiftPackageReference "PKHUD" */ = {
			isa = XCRemoteSwiftPackageReference;
			repositoryURL = "https://github.com/pkluz/PKHUD.git";
			requirement = {
				kind = upToNextMajorVersion;
				minimumVersion = 5.4.0;
			};
		};
		E9D9FA8B2BD5469200BAADD5 /* XCRemoteSwiftPackageReference "firebase-ios-sdk" */ = {
			isa = XCRemoteSwiftPackageReference;
			repositoryURL = "https://github.com/firebase/firebase-ios-sdk";
			requirement = {
				kind = upToNextMajorVersion;
				minimumVersion = 10.24.0;
			};
		};
/* End XCRemoteSwiftPackageReference section */

/* Begin XCSwiftPackageProductDependency section */
		E915CE192C622AA600490DA6 /* PKHUD */ = {
			isa = XCSwiftPackageProductDependency;
			package = E915CE182C622AA600490DA6 /* XCRemoteSwiftPackageReference "PKHUD" */;
			productName = PKHUD;
		};
		E9D9FA8C2BD5469200BAADD5 /* FirebaseAuth */ = {
			isa = XCSwiftPackageProductDependency;
			package = E9D9FA8B2BD5469200BAADD5 /* XCRemoteSwiftPackageReference "firebase-ios-sdk" */;
			productName = FirebaseAuth;
		};
		E9D9FA8E2BD5469200BAADD5 /* FirebaseAuthCombine-Community */ = {
			isa = XCSwiftPackageProductDependency;
			package = E9D9FA8B2BD5469200BAADD5 /* XCRemoteSwiftPackageReference "firebase-ios-sdk" */;
			productName = "FirebaseAuthCombine-Community";
		};
		E9D9FA902BD5469200BAADD5 /* FirebaseDatabase */ = {
			isa = XCSwiftPackageProductDependency;
			package = E9D9FA8B2BD5469200BAADD5 /* XCRemoteSwiftPackageReference "firebase-ios-sdk" */;
			productName = FirebaseDatabase;
		};
		E9D9FA922BD5469200BAADD5 /* FirebaseDatabaseSwift */ = {
			isa = XCSwiftPackageProductDependency;
			package = E9D9FA8B2BD5469200BAADD5 /* XCRemoteSwiftPackageReference "firebase-ios-sdk" */;
			productName = FirebaseDatabaseSwift;
		};
		E9D9FA942BD5469200BAADD5 /* FirebaseStorage */ = {
			isa = XCSwiftPackageProductDependency;
			package = E9D9FA8B2BD5469200BAADD5 /* XCRemoteSwiftPackageReference "firebase-ios-sdk" */;
			productName = FirebaseStorage;
		};
		E9D9FA962BD5469200BAADD5 /* FirebaseStorageCombine-Community */ = {
			isa = XCSwiftPackageProductDependency;
			package = E9D9FA8B2BD5469200BAADD5 /* XCRemoteSwiftPackageReference "firebase-ios-sdk" */;
			productName = "FirebaseStorageCombine-Community";
		};
/* End XCSwiftPackageProductDependency section */
	};
	rootObject = E9B949E92BD437D00025D344 /* Project object */;
}
