// !$*UTF8*$!
{
	archiveVersion = 1;
	classes = {
	};
	objectVersion = 56;
	objects = {

/* Begin PBXBuildFile section */
		E924F5862C0B6E0A00DDB21A /* Request.swift in Sources */ = {isa = PBXBuildFile; fileRef = E924F5852C0B6E0A00DDB21A /* Request.swift */; };
		E92F58962C0336CF00289469 /* Book.swift in Sources */ = {isa = PBXBuildFile; fileRef = E92F58952C0336CF00289469 /* Book.swift */; };
		E92F58982C033D0000289469 /* CustomBookCell.swift in Sources */ = {isa = PBXBuildFile; fileRef = E92F58972C033D0000289469 /* CustomBookCell.swift */; };
		E939479F2C08B9D8008BF5BC /* SearchBookViewController.swift in Sources */ = {isa = PBXBuildFile; fileRef = E939479E2C08B9D8008BF5BC /* SearchBookViewController.swift */; };
		E93947A12C08BA30008BF5BC /* SearchBookCell.swift in Sources */ = {isa = PBXBuildFile; fileRef = E93947A02C08BA30008BF5BC /* SearchBookCell.swift */; };
		E957AA112BDA8CE70089E395 /* CustomPostCell.swift in Sources */ = {isa = PBXBuildFile; fileRef = E957AA102BDA8CE70089E395 /* CustomPostCell.swift */; };
		E957AA132BDAA4F10089E395 /* User.swift in Sources */ = {isa = PBXBuildFile; fileRef = E957AA122BDAA4F10089E395 /* User.swift */; };
		E957AA152BDAA50E0089E395 /* Post.swift in Sources */ = {isa = PBXBuildFile; fileRef = E957AA142BDAA50E0089E395 /* Post.swift */; };
		E957AA172BDAA6450089E395 /* FirebaseExtension.swift in Sources */ = {isa = PBXBuildFile; fileRef = E957AA162BDAA6450089E395 /* FirebaseExtension.swift */; };
		E957AA192BDAA6E80089E395 /* CustomImageView.swift in Sources */ = {isa = PBXBuildFile; fileRef = E957AA182BDAA6E80089E395 /* CustomImageView.swift */; };
		E996D7532BFDBAF7000AE202 /* ShareBookController.swift in Sources */ = {isa = PBXBuildFile; fileRef = E996D7522BFDBAF7000AE202 /* ShareBookController.swift */; };
		E9B24A3B2BFBC2CB009C21C1 /* PhotoSelectorCell.swift in Sources */ = {isa = PBXBuildFile; fileRef = E9B24A362BFBC2CB009C21C1 /* PhotoSelectorCell.swift */; };
		E9B24A3C2BFBC2CB009C21C1 /* PhotoSelectorController.swift in Sources */ = {isa = PBXBuildFile; fileRef = E9B24A372BFBC2CB009C21C1 /* PhotoSelectorController.swift */; };
		E9B24A3D2BFBC2CB009C21C1 /* PhotoSelectorHeader.swift in Sources */ = {isa = PBXBuildFile; fileRef = E9B24A382BFBC2CB009C21C1 /* PhotoSelectorHeader.swift */; };
		E9B24A3E2BFBC2CB009C21C1 /* AddBookController.swift in Sources */ = {isa = PBXBuildFile; fileRef = E9B24A392BFBC2CB009C21C1 /* AddBookController.swift */; };
		E9B949F52BD437D00025D344 /* AppDelegate.swift in Sources */ = {isa = PBXBuildFile; fileRef = E9B949F42BD437D00025D344 /* AppDelegate.swift */; };
		E9B949F72BD437D00025D344 /* SceneDelegate.swift in Sources */ = {isa = PBXBuildFile; fileRef = E9B949F62BD437D00025D344 /* SceneDelegate.swift */; };
		E9B949F92BD437D00025D344 /* ViewController.swift in Sources */ = {isa = PBXBuildFile; fileRef = E9B949F82BD437D00025D344 /* ViewController.swift */; };
		E9B949FC2BD437D10025D344 /* Base in Resources */ = {isa = PBXBuildFile; fileRef = E9B949FB2BD437D10025D344 /* Base */; };
		E9B949FE2BD437D20025D344 /* Assets.xcassets in Resources */ = {isa = PBXBuildFile; fileRef = E9B949FD2BD437D20025D344 /* Assets.xcassets */; };
		E9B94A012BD437D20025D344 /* Base in Resources */ = {isa = PBXBuildFile; fileRef = E9B94A002BD437D20025D344 /* Base */; };
		E9B94A092BD4393B0025D344 /* SignUpViewController.swift in Sources */ = {isa = PBXBuildFile; fileRef = E9B94A082BD4393B0025D344 /* SignUpViewController.swift */; };
		E9B94A0B2BD43B5B0025D344 /* UIViewExtension.swift in Sources */ = {isa = PBXBuildFile; fileRef = E9B94A0A2BD43B5B0025D344 /* UIViewExtension.swift */; };
		E9B94A0D2BD43E810025D344 /* MainTabBarController.swift in Sources */ = {isa = PBXBuildFile; fileRef = E9B94A0C2BD43E810025D344 /* MainTabBarController.swift */; };
		E9D9FA882BD53FE000BAADD5 /* LoginViewController.swift in Sources */ = {isa = PBXBuildFile; fileRef = E9D9FA872BD53FE000BAADD5 /* LoginViewController.swift */; };
		E9D9FA8A2BD5437800BAADD5 /* GoogleService-Info.plist in Resources */ = {isa = PBXBuildFile; fileRef = E9D9FA892BD5437800BAADD5 /* GoogleService-Info.plist */; };
		E9D9FA8D2BD5469200BAADD5 /* FirebaseAuth in Frameworks */ = {isa = PBXBuildFile; productRef = E9D9FA8C2BD5469200BAADD5 /* FirebaseAuth */; };
		E9D9FA8F2BD5469200BAADD5 /* FirebaseAuthCombine-Community in Frameworks */ = {isa = PBXBuildFile; productRef = E9D9FA8E2BD5469200BAADD5 /* FirebaseAuthCombine-Community */; };
		E9D9FA912BD5469200BAADD5 /* FirebaseDatabase in Frameworks */ = {isa = PBXBuildFile; productRef = E9D9FA902BD5469200BAADD5 /* FirebaseDatabase */; };
		E9D9FA932BD5469200BAADD5 /* FirebaseDatabaseSwift in Frameworks */ = {isa = PBXBuildFile; productRef = E9D9FA922BD5469200BAADD5 /* FirebaseDatabaseSwift */; };
		E9D9FA952BD5469200BAADD5 /* FirebaseStorage in Frameworks */ = {isa = PBXBuildFile; productRef = E9D9FA942BD5469200BAADD5 /* FirebaseStorage */; };
		E9D9FA972BD5469200BAADD5 /* FirebaseStorageCombine-Community in Frameworks */ = {isa = PBXBuildFile; productRef = E9D9FA962BD5469200BAADD5 /* FirebaseStorageCombine-Community */; };
		E9D9FA992BD55C6900BAADD5 /* ProfileViewController.swift in Sources */ = {isa = PBXBuildFile; fileRef = E9D9FA982BD55C6900BAADD5 /* ProfileViewController.swift */; };
/* End PBXBuildFile section */

/* Begin PBXFileReference section */
		E924F5852C0B6E0A00DDB21A /* Request.swift */ = {isa = PBXFileReference; lastKnownFileType = sourcecode.swift; path = Request.swift; sourceTree = "<group>"; };
		E92F58952C0336CF00289469 /* Book.swift */ = {isa = PBXFileReference; lastKnownFileType = sourcecode.swift; path = Book.swift; sourceTree = "<group>"; };
		E92F58972C033D0000289469 /* CustomBookCell.swift */ = {isa = PBXFileReference; lastKnownFileType = sourcecode.swift; path = CustomBookCell.swift; sourceTree = "<group>"; };
		E939479E2C08B9D8008BF5BC /* SearchBookViewController.swift */ = {isa = PBXFileReference; lastKnownFileType = sourcecode.swift; path = SearchBookViewController.swift; sourceTree = "<group>"; };
		E93947A02C08BA30008BF5BC /* SearchBookCell.swift */ = {isa = PBXFileReference; lastKnownFileType = sourcecode.swift; path = SearchBookCell.swift; sourceTree = "<group>"; };
		E957AA102BDA8CE70089E395 /* CustomPostCell.swift */ = {isa = PBXFileReference; lastKnownFileType = sourcecode.swift; path = CustomPostCell.swift; sourceTree = "<group>"; };
		E957AA122BDAA4F10089E395 /* User.swift */ = {isa = PBXFileReference; lastKnownFileType = sourcecode.swift; path = User.swift; sourceTree = "<group>"; };
		E957AA142BDAA50E0089E395 /* Post.swift */ = {isa = PBXFileReference; lastKnownFileType = sourcecode.swift; path = Post.swift; sourceTree = "<group>"; };
		E957AA162BDAA6450089E395 /* FirebaseExtension.swift */ = {isa = PBXFileReference; lastKnownFileType = sourcecode.swift; path = FirebaseExtension.swift; sourceTree = "<group>"; };
		E957AA182BDAA6E80089E395 /* CustomImageView.swift */ = {isa = PBXFileReference; lastKnownFileType = sourcecode.swift; path = CustomImageView.swift; sourceTree = "<group>"; };
		E996D7522BFDBAF7000AE202 /* ShareBookController.swift */ = {isa = PBXFileReference; lastKnownFileType = sourcecode.swift; path = ShareBookController.swift; sourceTree = "<group>"; };
		E9B24A362BFBC2CB009C21C1 /* PhotoSelectorCell.swift */ = {isa = PBXFileReference; fileEncoding = 4; lastKnownFileType = sourcecode.swift; path = PhotoSelectorCell.swift; sourceTree = "<group>"; };
		E9B24A372BFBC2CB009C21C1 /* PhotoSelectorController.swift */ = {isa = PBXFileReference; fileEncoding = 4; lastKnownFileType = sourcecode.swift; path = PhotoSelectorController.swift; sourceTree = "<group>"; };
		E9B24A382BFBC2CB009C21C1 /* PhotoSelectorHeader.swift */ = {isa = PBXFileReference; fileEncoding = 4; lastKnownFileType = sourcecode.swift; path = PhotoSelectorHeader.swift; sourceTree = "<group>"; };
		E9B24A392BFBC2CB009C21C1 /* AddBookController.swift */ = {isa = PBXFileReference; fileEncoding = 4; lastKnownFileType = sourcecode.swift; path = AddBookController.swift; sourceTree = "<group>"; };
		E9B949F12BD437D00025D344 /* Project.app */ = {isa = PBXFileReference; explicitFileType = wrapper.application; includeInIndex = 0; path = Project.app; sourceTree = BUILT_PRODUCTS_DIR; };
		E9B949F42BD437D00025D344 /* AppDelegate.swift */ = {isa = PBXFileReference; lastKnownFileType = sourcecode.swift; path = AppDelegate.swift; sourceTree = "<group>"; };
		E9B949F62BD437D00025D344 /* SceneDelegate.swift */ = {isa = PBXFileReference; lastKnownFileType = sourcecode.swift; path = SceneDelegate.swift; sourceTree = "<group>"; };
		E9B949F82BD437D00025D344 /* ViewController.swift */ = {isa = PBXFileReference; lastKnownFileType = sourcecode.swift; path = ViewController.swift; sourceTree = "<group>"; };
		E9B949FB2BD437D10025D344 /* Base */ = {isa = PBXFileReference; lastKnownFileType = file.storyboard; name = Base; path = Base.lproj/Main.storyboard; sourceTree = "<group>"; };
		E9B949FD2BD437D20025D344 /* Assets.xcassets */ = {isa = PBXFileReference; lastKnownFileType = folder.assetcatalog; path = Assets.xcassets; sourceTree = "<group>"; };
		E9B94A002BD437D20025D344 /* Base */ = {isa = PBXFileReference; lastKnownFileType = file.storyboard; name = Base; path = Base.lproj/LaunchScreen.storyboard; sourceTree = "<group>"; };
		E9B94A022BD437D20025D344 /* Info.plist */ = {isa = PBXFileReference; lastKnownFileType = text.plist.xml; path = Info.plist; sourceTree = "<group>"; };
		E9B94A082BD4393B0025D344 /* SignUpViewController.swift */ = {isa = PBXFileReference; lastKnownFileType = sourcecode.swift; path = SignUpViewController.swift; sourceTree = "<group>"; };
		E9B94A0A2BD43B5B0025D344 /* UIViewExtension.swift */ = {isa = PBXFileReference; lastKnownFileType = sourcecode.swift; path = UIViewExtension.swift; sourceTree = "<group>"; };
		E9B94A0C2BD43E810025D344 /* MainTabBarController.swift */ = {isa = PBXFileReference; lastKnownFileType = sourcecode.swift; path = MainTabBarController.swift; sourceTree = "<group>"; };
		E9D9FA872BD53FE000BAADD5 /* LoginViewController.swift */ = {isa = PBXFileReference; lastKnownFileType = sourcecode.swift; path = LoginViewController.swift; sourceTree = "<group>"; };
		E9D9FA892BD5437800BAADD5 /* GoogleService-Info.plist */ = {isa = PBXFileReference; fileEncoding = 4; lastKnownFileType = text.plist.xml; path = "GoogleService-Info.plist"; sourceTree = "<group>"; };
		E9D9FA982BD55C6900BAADD5 /* ProfileViewController.swift */ = {isa = PBXFileReference; lastKnownFileType = sourcecode.swift; path = ProfileViewController.swift; sourceTree = "<group>"; };
/* End PBXFileReference section */

/* Begin PBXFrameworksBuildPhase section */
		E9B949EE2BD437D00025D344 /* Frameworks */ = {
			isa = PBXFrameworksBuildPhase;
			buildActionMask = 2147483647;
			files = (
				E9D9FA932BD5469200BAADD5 /* FirebaseDatabaseSwift in Frameworks */,
				E9D9FA912BD5469200BAADD5 /* FirebaseDatabase in Frameworks */,
				E9D9FA8D2BD5469200BAADD5 /* FirebaseAuth in Frameworks */,
				E9D9FA952BD5469200BAADD5 /* FirebaseStorage in Frameworks */,
				E9D9FA972BD5469200BAADD5 /* FirebaseStorageCombine-Community in Frameworks */,
				E9D9FA8F2BD5469200BAADD5 /* FirebaseAuthCombine-Community in Frameworks */,
			);
			runOnlyForDeploymentPostprocessing = 0;
		};
/* End PBXFrameworksBuildPhase section */

/* Begin PBXGroup section */
		E920F9E42BE2E34F00AD5CE9 /* Core */ = {
			isa = PBXGroup;
			children = (
				E9B94A0C2BD43E810025D344 /* MainTabBarController.swift */,
				E9B949F42BD437D00025D344 /* AppDelegate.swift */,
				E9B949F62BD437D00025D344 /* SceneDelegate.swift */,
			);
			path = Core;
			sourceTree = "<group>";
		};
		E920F9E52BE2E36500AD5CE9 /* ViewController */ = {
			isa = PBXGroup;
			children = (
				E9D9FA982BD55C6900BAADD5 /* ProfileViewController.swift */,
				E9B949F82BD437D00025D344 /* ViewController.swift */,
				E9B94A082BD4393B0025D344 /* SignUpViewController.swift */,
				E9D9FA872BD53FE000BAADD5 /* LoginViewController.swift */,
				E9B24A372BFBC2CB009C21C1 /* PhotoSelectorController.swift */,
				E9B24A392BFBC2CB009C21C1 /* AddBookController.swift */,
				E996D7522BFDBAF7000AE202 /* ShareBookController.swift */,
				E939479E2C08B9D8008BF5BC /* SearchBookViewController.swift */,
			);
			path = ViewController;
			sourceTree = "<group>";
		};
		E920F9E62BE2E37B00AD5CE9 /* Utils */ = {
			isa = PBXGroup;
			children = (
				E9B949FD2BD437D20025D344 /* Assets.xcassets */,
				E957AA182BDAA6E80089E395 /* CustomImageView.swift */,
			);
			path = Utils;
			sourceTree = "<group>";
		};
		E920F9E72BE2E38B00AD5CE9 /* View */ = {
			isa = PBXGroup;
			children = (
				E9B949FF2BD437D20025D344 /* LaunchScreen.storyboard */,
				E9B949FA2BD437D10025D344 /* Main.storyboard */,
				E957AA102BDA8CE70089E395 /* CustomPostCell.swift */,
				E92F58972C033D0000289469 /* CustomBookCell.swift */,
				E9B24A362BFBC2CB009C21C1 /* PhotoSelectorCell.swift */,
				E9B24A382BFBC2CB009C21C1 /* PhotoSelectorHeader.swift */,
				E93947A02C08BA30008BF5BC /* SearchBookCell.swift */,
			);
			path = View;
			sourceTree = "<group>";
		};
		E920F9E82BE2E3A000AD5CE9 /* Model */ = {
			isa = PBXGroup;
			children = (
				E957AA122BDAA4F10089E395 /* User.swift */,
				E957AA142BDAA50E0089E395 /* Post.swift */,
				E92F58952C0336CF00289469 /* Book.swift */,
				E924F5852C0B6E0A00DDB21A /* Request.swift */,
			);
			path = Model;
			sourceTree = "<group>";
		};
		E920F9E92BE2E3AC00AD5CE9 /* Extensions */ = {
			isa = PBXGroup;
			children = (
				E9B94A0A2BD43B5B0025D344 /* UIViewExtension.swift */,
				E957AA162BDAA6450089E395 /* FirebaseExtension.swift */,
			);
			path = Extensions;
			sourceTree = "<group>";
		};
		E9B949E82BD437D00025D344 = {
			isa = PBXGroup;
			children = (
				E9B949F32BD437D00025D344 /* BookNet */,
				E9B949F22BD437D00025D344 /* Products */,
			);
			sourceTree = "<group>";
		};
		E9B949F22BD437D00025D344 /* Products */ = {
			isa = PBXGroup;
			children = (
				E9B949F12BD437D00025D344 /* Project.app */,
			);
			name = Products;
			sourceTree = "<group>";
		};
		E9B949F32BD437D00025D344 /* BookNet */ = {
			isa = PBXGroup;
			children = (
				E920F9E42BE2E34F00AD5CE9 /* Core */,
				E920F9E52BE2E36500AD5CE9 /* ViewController */,
				E920F9E62BE2E37B00AD5CE9 /* Utils */,
				E920F9E72BE2E38B00AD5CE9 /* View */,
				E920F9E82BE2E3A000AD5CE9 /* Model */,
				E920F9E92BE2E3AC00AD5CE9 /* Extensions */,
				E9B94A022BD437D20025D344 /* Info.plist */,
				E9D9FA892BD5437800BAADD5 /* GoogleService-Info.plist */,
			);
			path = BookNet;
			sourceTree = "<group>";
		};
/* End PBXGroup section */

/* Begin PBXNativeTarget section */
		E9B949F02BD437D00025D344 /* Project */ = {
			isa = PBXNativeTarget;
			buildConfigurationList = E9B94A052BD437D20025D344 /* Build configuration list for PBXNativeTarget "Project" */;
			buildPhases = (
				E9B949ED2BD437D00025D344 /* Sources */,
				E9B949EE2BD437D00025D344 /* Frameworks */,
				E9B949EF2BD437D00025D344 /* Resources */,
			);
			buildRules = (
			);
			dependencies = (
			);
			name = Project;
			packageProductDependencies = (
				E9D9FA8C2BD5469200BAADD5 /* FirebaseAuth */,
				E9D9FA8E2BD5469200BAADD5 /* FirebaseAuthCombine-Community */,
				E9D9FA902BD5469200BAADD5 /* FirebaseDatabase */,
				E9D9FA922BD5469200BAADD5 /* FirebaseDatabaseSwift */,
				E9D9FA942BD5469200BAADD5 /* FirebaseStorage */,
				E9D9FA962BD5469200BAADD5 /* FirebaseStorageCombine-Community */,
			);
			productName = Project;
			productReference = E9B949F12BD437D00025D344 /* Project.app */;
			productType = "com.apple.product-type.application";
		};
/* End PBXNativeTarget section */

/* Begin PBXProject section */
		E9B949E92BD437D00025D344 /* Project object */ = {
			isa = PBXProject;
			attributes = {
				BuildIndependentTargetsInParallel = 1;
				LastSwiftUpdateCheck = 1530;
				LastUpgradeCheck = 1530;
				TargetAttributes = {
					E9B949F02BD437D00025D344 = {
						CreatedOnToolsVersion = 15.3;
					};
				};
			};
			buildConfigurationList = E9B949EC2BD437D00025D344 /* Build configuration list for PBXProject "BookNet" */;
			compatibilityVersion = "Xcode 14.0";
			developmentRegion = en;
			hasScannedForEncodings = 0;
			knownRegions = (
				en,
				Base,
			);
			mainGroup = E9B949E82BD437D00025D344;
			packageReferences = (
				E9D9FA8B2BD5469200BAADD5 /* XCRemoteSwiftPackageReference "firebase-ios-sdk" */,
			);
			productRefGroup = E9B949F22BD437D00025D344 /* Products */;
			projectDirPath = "";
			projectRoot = "";
			targets = (
				E9B949F02BD437D00025D344 /* Project */,
			);
		};
/* End PBXProject section */

/* Begin PBXResourcesBuildPhase section */
		E9B949EF2BD437D00025D344 /* Resources */ = {
			isa = PBXResourcesBuildPhase;
			buildActionMask = 2147483647;
			files = (
				E9B949FE2BD437D20025D344 /* Assets.xcassets in Resources */,
				E9D9FA8A2BD5437800BAADD5 /* GoogleService-Info.plist in Resources */,
				E9B94A012BD437D20025D344 /* Base in Resources */,
				E9B949FC2BD437D10025D344 /* Base in Resources */,
			);
			runOnlyForDeploymentPostprocessing = 0;
		};
/* End PBXResourcesBuildPhase section */

/* Begin PBXSourcesBuildPhase section */
		E9B949ED2BD437D00025D344 /* Sources */ = {
			isa = PBXSourcesBuildPhase;
			buildActionMask = 2147483647;
			files = (
				E9D9FA882BD53FE000BAADD5 /* LoginViewController.swift in Sources */,
				E957AA152BDAA50E0089E395 /* Post.swift in Sources */,
				E9B94A0B2BD43B5B0025D344 /* UIViewExtension.swift in Sources */,
				E9B24A3B2BFBC2CB009C21C1 /* PhotoSelectorCell.swift in Sources */,
				E9B949F92BD437D00025D344 /* ViewController.swift in Sources */,
				E92F58982C033D0000289469 /* CustomBookCell.swift in Sources */,
				E957AA172BDAA6450089E395 /* FirebaseExtension.swift in Sources */,
				E9B94A0D2BD43E810025D344 /* MainTabBarController.swift in Sources */,
				E924F5862C0B6E0A00DDB21A /* Request.swift in Sources */,
				E93947A12C08BA30008BF5BC /* SearchBookCell.swift in Sources */,
				E9B949F52BD437D00025D344 /* AppDelegate.swift in Sources */,
				E9B24A3D2BFBC2CB009C21C1 /* PhotoSelectorHeader.swift in Sources */,
				E9B94A092BD4393B0025D344 /* SignUpViewController.swift in Sources */,
				E9B24A3E2BFBC2CB009C21C1 /* AddBookController.swift in Sources */,
				E92F58962C0336CF00289469 /* Book.swift in Sources */,
				E9B24A3C2BFBC2CB009C21C1 /* PhotoSelectorController.swift in Sources */,
				E996D7532BFDBAF7000AE202 /* ShareBookController.swift in Sources */,
				E9D9FA992BD55C6900BAADD5 /* ProfileViewController.swift in Sources */,
				E957AA112BDA8CE70089E395 /* CustomPostCell.swift in Sources */,
				E939479F2C08B9D8008BF5BC /* SearchBookViewController.swift in Sources */,
				E957AA132BDAA4F10089E395 /* User.swift in Sources */,
				E9B949F72BD437D00025D344 /* SceneDelegate.swift in Sources */,
				E957AA192BDAA6E80089E395 /* CustomImageView.swift in Sources */,
			);
			runOnlyForDeploymentPostprocessing = 0;
		};
/* End PBXSourcesBuildPhase section */

/* Begin PBXVariantGroup section */
		E9B949FA2BD437D10025D344 /* Main.storyboard */ = {
			isa = PBXVariantGroup;
			children = (
				E9B949FB2BD437D10025D344 /* Base */,
			);
			name = Main.storyboard;
			sourceTree = "<group>";
		};
		E9B949FF2BD437D20025D344 /* LaunchScreen.storyboard */ = {
			isa = PBXVariantGroup;
			children = (
				E9B94A002BD437D20025D344 /* Base */,
			);
			name = LaunchScreen.storyboard;
			sourceTree = "<group>";
		};
/* End PBXVariantGroup section */

/* Begin XCBuildConfiguration section */
		E9B94A032BD437D20025D344 /* Debug */ = {
			isa = XCBuildConfiguration;
			buildSettings = {
				ALWAYS_SEARCH_USER_PATHS = NO;
				ASSETCATALOG_COMPILER_GENERATE_SWIFT_ASSET_SYMBOL_EXTENSIONS = YES;
				CLANG_ANALYZER_NONNULL = YES;
				CLANG_ANALYZER_NUMBER_OBJECT_CONVERSION = YES_AGGRESSIVE;
				CLANG_CXX_LANGUAGE_STANDARD = "gnu++20";
				CLANG_ENABLE_MODULES = YES;
				CLANG_ENABLE_OBJC_ARC = YES;
				CLANG_ENABLE_OBJC_WEAK = YES;
				CLANG_WARN_BLOCK_CAPTURE_AUTORELEASING = YES;
				CLANG_WARN_BOOL_CONVERSION = YES;
				CLANG_WARN_COMMA = YES;
				CLANG_WARN_CONSTANT_CONVERSION = YES;
				CLANG_WARN_DEPRECATED_OBJC_IMPLEMENTATIONS = YES;
				CLANG_WARN_DIRECT_OBJC_ISA_USAGE = YES_ERROR;
				CLANG_WARN_DOCUMENTATION_COMMENTS = YES;
				CLANG_WARN_EMPTY_BODY = YES;
				CLANG_WARN_ENUM_CONVERSION = YES;
				CLANG_WARN_INFINITE_RECURSION = YES;
				CLANG_WARN_INT_CONVERSION = YES;
				CLANG_WARN_NON_LITERAL_NULL_CONVERSION = YES;
				CLANG_WARN_OBJC_IMPLICIT_RETAIN_SELF = YES;
				CLANG_WARN_OBJC_LITERAL_CONVERSION = YES;
				CLANG_WARN_OBJC_ROOT_CLASS = YES_ERROR;
				CLANG_WARN_QUOTED_INCLUDE_IN_FRAMEWORK_HEADER = YES;
				CLANG_WARN_RANGE_LOOP_ANALYSIS = YES;
				CLANG_WARN_STRICT_PROTOTYPES = YES;
				CLANG_WARN_SUSPICIOUS_MOVE = YES;
				CLANG_WARN_UNGUARDED_AVAILABILITY = YES_AGGRESSIVE;
				CLANG_WARN_UNREACHABLE_CODE = YES;
				CLANG_WARN__DUPLICATE_METHOD_MATCH = YES;
				COPY_PHASE_STRIP = NO;
				DEBUG_INFORMATION_FORMAT = dwarf;
				ENABLE_STRICT_OBJC_MSGSEND = YES;
				ENABLE_TESTABILITY = YES;
				ENABLE_USER_SCRIPT_SANDBOXING = YES;
				GCC_C_LANGUAGE_STANDARD = gnu17;
				GCC_DYNAMIC_NO_PIC = NO;
				GCC_NO_COMMON_BLOCKS = YES;
				GCC_OPTIMIZATION_LEVEL = 0;
				GCC_PREPROCESSOR_DEFINITIONS = (
					"DEBUG=1",
					"$(inherited)",
				);
				GCC_WARN_64_TO_32_BIT_CONVERSION = YES;
				GCC_WARN_ABOUT_RETURN_TYPE = YES_ERROR;
				GCC_WARN_UNDECLARED_SELECTOR = YES;
				GCC_WARN_UNINITIALIZED_AUTOS = YES_AGGRESSIVE;
				GCC_WARN_UNUSED_FUNCTION = YES;
				GCC_WARN_UNUSED_VARIABLE = YES;
				IPHONEOS_DEPLOYMENT_TARGET = 17.4;
				LOCALIZATION_PREFERS_STRING_CATALOGS = YES;
				MTL_ENABLE_DEBUG_INFO = INCLUDE_SOURCE;
				MTL_FAST_MATH = YES;
				ONLY_ACTIVE_ARCH = YES;
				SDKROOT = iphoneos;
				SWIFT_ACTIVE_COMPILATION_CONDITIONS = "DEBUG $(inherited)";
				SWIFT_OPTIMIZATION_LEVEL = "-Onone";
			};
			name = Debug;
		};
		E9B94A042BD437D20025D344 /* Release */ = {
			isa = XCBuildConfiguration;
			buildSettings = {
				ALWAYS_SEARCH_USER_PATHS = NO;
				ASSETCATALOG_COMPILER_GENERATE_SWIFT_ASSET_SYMBOL_EXTENSIONS = YES;
				CLANG_ANALYZER_NONNULL = YES;
				CLANG_ANALYZER_NUMBER_OBJECT_CONVERSION = YES_AGGRESSIVE;
				CLANG_CXX_LANGUAGE_STANDARD = "gnu++20";
				CLANG_ENABLE_MODULES = YES;
				CLANG_ENABLE_OBJC_ARC = YES;
				CLANG_ENABLE_OBJC_WEAK = YES;
				CLANG_WARN_BLOCK_CAPTURE_AUTORELEASING = YES;
				CLANG_WARN_BOOL_CONVERSION = YES;
				CLANG_WARN_COMMA = YES;
				CLANG_WARN_CONSTANT_CONVERSION = YES;
				CLANG_WARN_DEPRECATED_OBJC_IMPLEMENTATIONS = YES;
				CLANG_WARN_DIRECT_OBJC_ISA_USAGE = YES_ERROR;
				CLANG_WARN_DOCUMENTATION_COMMENTS = YES;
				CLANG_WARN_EMPTY_BODY = YES;
				CLANG_WARN_ENUM_CONVERSION = YES;
				CLANG_WARN_INFINITE_RECURSION = YES;
				CLANG_WARN_INT_CONVERSION = YES;
				CLANG_WARN_NON_LITERAL_NULL_CONVERSION = YES;
				CLANG_WARN_OBJC_IMPLICIT_RETAIN_SELF = YES;
				CLANG_WARN_OBJC_LITERAL_CONVERSION = YES;
				CLANG_WARN_OBJC_ROOT_CLASS = YES_ERROR;
				CLANG_WARN_QUOTED_INCLUDE_IN_FRAMEWORK_HEADER = YES;
				CLANG_WARN_RANGE_LOOP_ANALYSIS = YES;
				CLANG_WARN_STRICT_PROTOTYPES = YES;
				CLANG_WARN_SUSPICIOUS_MOVE = YES;
				CLANG_WARN_UNGUARDED_AVAILABILITY = YES_AGGRESSIVE;
				CLANG_WARN_UNREACHABLE_CODE = YES;
				CLANG_WARN__DUPLICATE_METHOD_MATCH = YES;
				COPY_PHASE_STRIP = NO;
				DEBUG_INFORMATION_FORMAT = "dwarf-with-dsym";
				ENABLE_NS_ASSERTIONS = NO;
				ENABLE_STRICT_OBJC_MSGSEND = YES;
				ENABLE_USER_SCRIPT_SANDBOXING = YES;
				GCC_C_LANGUAGE_STANDARD = gnu17;
				GCC_NO_COMMON_BLOCKS = YES;
				GCC_WARN_64_TO_32_BIT_CONVERSION = YES;
				GCC_WARN_ABOUT_RETURN_TYPE = YES_ERROR;
				GCC_WARN_UNDECLARED_SELECTOR = YES;
				GCC_WARN_UNINITIALIZED_AUTOS = YES_AGGRESSIVE;
				GCC_WARN_UNUSED_FUNCTION = YES;
				GCC_WARN_UNUSED_VARIABLE = YES;
				IPHONEOS_DEPLOYMENT_TARGET = 17.4;
				LOCALIZATION_PREFERS_STRING_CATALOGS = YES;
				MTL_ENABLE_DEBUG_INFO = NO;
				MTL_FAST_MATH = YES;
				SDKROOT = iphoneos;
				SWIFT_COMPILATION_MODE = wholemodule;
				VALIDATE_PRODUCT = YES;
			};
			name = Release;
		};
		E9B94A062BD437D20025D344 /* Debug */ = {
			isa = XCBuildConfiguration;
			buildSettings = {
				ASSETCATALOG_COMPILER_APPICON_NAME = AppIcon;
				ASSETCATALOG_COMPILER_GLOBAL_ACCENT_COLOR_NAME = AccentColor;
				CODE_SIGN_STYLE = Automatic;
				CURRENT_PROJECT_VERSION = 1;
				DEVELOPMENT_TEAM = 9W5Z8G2RNJ;
				GENERATE_INFOPLIST_FILE = YES;
				INFOPLIST_FILE = BookNet/Info.plist;
				INFOPLIST_KEY_UIApplicationSupportsIndirectInputEvents = YES;
				INFOPLIST_KEY_UILaunchStoryboardName = LaunchScreen;
				INFOPLIST_KEY_UIMainStoryboardFile = Main;
				INFOPLIST_KEY_UISupportedInterfaceOrientations_iPad = "UIInterfaceOrientationPortrait UIInterfaceOrientationPortraitUpsideDown UIInterfaceOrientationLandscapeLeft UIInterfaceOrientationLandscapeRight";
				INFOPLIST_KEY_UISupportedInterfaceOrientations_iPhone = "UIInterfaceOrientationPortrait UIInterfaceOrientationLandscapeLeft UIInterfaceOrientationLandscapeRight";
				LD_RUNPATH_SEARCH_PATHS = (
					"$(inherited)",
					"@executable_path/Frameworks",
				);
				MARKETING_VERSION = 1.0;
				PRODUCT_BUNDLE_IDENTIFIER = com.abdulkadiroruc.Project;
				PRODUCT_NAME = "$(TARGET_NAME)";
				SWIFT_EMIT_LOC_STRINGS = YES;
				SWIFT_VERSION = 5.0;
				TARGETED_DEVICE_FAMILY = "1,2";
			};
			name = Debug;
		};
		E9B94A072BD437D20025D344 /* Release */ = {
			isa = XCBuildConfiguration;
			buildSettings = {
				ASSETCATALOG_COMPILER_APPICON_NAME = AppIcon;
				ASSETCATALOG_COMPILER_GLOBAL_ACCENT_COLOR_NAME = AccentColor;
				CODE_SIGN_STYLE = Automatic;
				CURRENT_PROJECT_VERSION = 1;
				DEVELOPMENT_TEAM = 9W5Z8G2RNJ;
				GENERATE_INFOPLIST_FILE = YES;
				INFOPLIST_FILE = BookNet/Info.plist;
				INFOPLIST_KEY_UIApplicationSupportsIndirectInputEvents = YES;
				INFOPLIST_KEY_UILaunchStoryboardName = LaunchScreen;
				INFOPLIST_KEY_UIMainStoryboardFile = Main;
				INFOPLIST_KEY_UISupportedInterfaceOrientations_iPad = "UIInterfaceOrientationPortrait UIInterfaceOrientationPortraitUpsideDown UIInterfaceOrientationLandscapeLeft UIInterfaceOrientationLandscapeRight";
				INFOPLIST_KEY_UISupportedInterfaceOrientations_iPhone = "UIInterfaceOrientationPortrait UIInterfaceOrientationLandscapeLeft UIInterfaceOrientationLandscapeRight";
				LD_RUNPATH_SEARCH_PATHS = (
					"$(inherited)",
					"@executable_path/Frameworks",
				);
				MARKETING_VERSION = 1.0;
				PRODUCT_BUNDLE_IDENTIFIER = com.abdulkadiroruc.Project;
				PRODUCT_NAME = "$(TARGET_NAME)";
				SWIFT_EMIT_LOC_STRINGS = YES;
				SWIFT_VERSION = 5.0;
				TARGETED_DEVICE_FAMILY = "1,2";
			};
			name = Release;
		};
/* End XCBuildConfiguration section */

/* Begin XCConfigurationList section */
		E9B949EC2BD437D00025D344 /* Build configuration list for PBXProject "BookNet" */ = {
			isa = XCConfigurationList;
			buildConfigurations = (
				E9B94A032BD437D20025D344 /* Debug */,
				E9B94A042BD437D20025D344 /* Release */,
			);
			defaultConfigurationIsVisible = 0;
			defaultConfigurationName = Release;
		};
		E9B94A052BD437D20025D344 /* Build configuration list for PBXNativeTarget "Project" */ = {
			isa = XCConfigurationList;
			buildConfigurations = (
				E9B94A062BD437D20025D344 /* Debug */,
				E9B94A072BD437D20025D344 /* Release */,
			);
			defaultConfigurationIsVisible = 0;
			defaultConfigurationName = Release;
		};
/* End XCConfigurationList section */

/* Begin XCRemoteSwiftPackageReference section */
		E9D9FA8B2BD5469200BAADD5 /* XCRemoteSwiftPackageReference "firebase-ios-sdk" */ = {
			isa = XCRemoteSwiftPackageReference;
			repositoryURL = "https://github.com/firebase/firebase-ios-sdk";
			requirement = {
				kind = upToNextMajorVersion;
				minimumVersion = 10.24.0;
			};
		};
/* End XCRemoteSwiftPackageReference section */

/* Begin XCSwiftPackageProductDependency section */
		E9D9FA8C2BD5469200BAADD5 /* FirebaseAuth */ = {
			isa = XCSwiftPackageProductDependency;
			package = E9D9FA8B2BD5469200BAADD5 /* XCRemoteSwiftPackageReference "firebase-ios-sdk" */;
			productName = FirebaseAuth;
		};
		E9D9FA8E2BD5469200BAADD5 /* FirebaseAuthCombine-Community */ = {
			isa = XCSwiftPackageProductDependency;
			package = E9D9FA8B2BD5469200BAADD5 /* XCRemoteSwiftPackageReference "firebase-ios-sdk" */;
			productName = "FirebaseAuthCombine-Community";
		};
		E9D9FA902BD5469200BAADD5 /* FirebaseDatabase */ = {
			isa = XCSwiftPackageProductDependency;
			package = E9D9FA8B2BD5469200BAADD5 /* XCRemoteSwiftPackageReference "firebase-ios-sdk" */;
			productName = FirebaseDatabase;
		};
		E9D9FA922BD5469200BAADD5 /* FirebaseDatabaseSwift */ = {
			isa = XCSwiftPackageProductDependency;
			package = E9D9FA8B2BD5469200BAADD5 /* XCRemoteSwiftPackageReference "firebase-ios-sdk" */;
			productName = FirebaseDatabaseSwift;
		};
		E9D9FA942BD5469200BAADD5 /* FirebaseStorage */ = {
			isa = XCSwiftPackageProductDependency;
			package = E9D9FA8B2BD5469200BAADD5 /* XCRemoteSwiftPackageReference "firebase-ios-sdk" */;
			productName = FirebaseStorage;
		};
		E9D9FA962BD5469200BAADD5 /* FirebaseStorageCombine-Community */ = {
			isa = XCSwiftPackageProductDependency;
			package = E9D9FA8B2BD5469200BAADD5 /* XCRemoteSwiftPackageReference "firebase-ios-sdk" */;
			productName = "FirebaseStorageCombine-Community";
		};
/* End XCSwiftPackageProductDependency section */
	};
	rootObject = E9B949E92BD437D00025D344 /* Project object */;
}
