// !$*UTF8*$!
{
	archiveVersion = 1;
	classes = {
	};
	objectVersion = 56;
	objects = {

/* Begin PBXBuildFile section */
		E915CE1A2C622AA600490DA6 /* PKHUD in Frameworks */ = {isa = PBXBuildFile; productRef = E915CE192C622AA600490DA6 /* PKHUD */; };
		E91AFB342C7384C400872A00 /* AddBookInteractor.swift in Sources */ = {isa = PBXBuildFile; fileRef = E91AFACF2C7384C400872A00 /* AddBookInteractor.swift */; };
		E91AFB352C7384C400872A00 /* AddBookInterfaces.swift in Sources */ = {isa = PBXBuildFile; fileRef = E91AFAD02C7384C400872A00 /* AddBookInterfaces.swift */; };
		E91AFB362C7384C400872A00 /* AddBookPresenter.swift in Sources */ = {isa = PBXBuildFile; fileRef = E91AFAD12C7384C400872A00 /* AddBookPresenter.swift */; };
		E91AFB372C7384C400872A00 /* AddBookViewController.swift in Sources */ = {isa = PBXBuildFile; fileRef = E91AFAD22C7384C400872A00 /* AddBookViewController.swift */; };
		E91AFB382C7384C400872A00 /* AddBookWireframe.swift in Sources */ = {isa = PBXBuildFile; fileRef = E91AFAD32C7384C400872A00 /* AddBookWireframe.swift */; };
		E91AFB3B2C7384C400872A00 /* CustomBookCell.swift in Sources */ = {isa = PBXBuildFile; fileRef = E91AFAD92C7384C400872A00 /* CustomBookCell.swift */; };
		E91AFB3D2C7384C400872A00 /* CustomPostCell.swift in Sources */ = {isa = PBXBuildFile; fileRef = E91AFADB2C7384C400872A00 /* CustomPostCell.swift */; };
		E91AFB3E2C7384C400872A00 /* CustomRequestsCell.swift in Sources */ = {isa = PBXBuildFile; fileRef = E91AFADC2C7384C400872A00 /* CustomRequestsCell.swift */; };
		E91AFB3F2C7384C400872A00 /* PhotoSelectorCell.swift in Sources */ = {isa = PBXBuildFile; fileRef = E91AFADD2C7384C400872A00 /* PhotoSelectorCell.swift */; };
		E91AFB402C7384C400872A00 /* PhotoSelectorHeader.swift in Sources */ = {isa = PBXBuildFile; fileRef = E91AFADE2C7384C400872A00 /* PhotoSelectorHeader.swift */; };
		E91AFB412C7384C400872A00 /* PostCollectionViewCell.swift in Sources */ = {isa = PBXBuildFile; fileRef = E91AFADF2C7384C400872A00 /* PostCollectionViewCell.swift */; };
		E91AFB422C7384C400872A00 /* SearchBookCell.swift in Sources */ = {isa = PBXBuildFile; fileRef = E91AFAE02C7384C400872A00 /* SearchBookCell.swift */; };
		E91AFB432C7384C400872A00 /* BaseWireframe.swift in Sources */ = {isa = PBXBuildFile; fileRef = E91AFAE22C7384C400872A00 /* BaseWireframe.swift */; };
		E91AFB442C7384C400872A00 /* FormatterInterface.swift in Sources */ = {isa = PBXBuildFile; fileRef = E91AFAE32C7384C400872A00 /* FormatterInterface.swift */; };
		E91AFB452C7384C400872A00 /* InteractorInterface.swift in Sources */ = {isa = PBXBuildFile; fileRef = E91AFAE42C7384C400872A00 /* InteractorInterface.swift */; };
		E91AFB462C7384C400872A00 /* PresenterInterface.swift in Sources */ = {isa = PBXBuildFile; fileRef = E91AFAE52C7384C400872A00 /* PresenterInterface.swift */; };
		E91AFB472C7384C400872A00 /* UIStoryboardExtension.swift in Sources */ = {isa = PBXBuildFile; fileRef = E91AFAE62C7384C400872A00 /* UIStoryboardExtension.swift */; };
		E91AFB482C7384C400872A00 /* ViewInterface.swift in Sources */ = {isa = PBXBuildFile; fileRef = E91AFAE72C7384C400872A00 /* ViewInterface.swift */; };
		E91AFB492C7384C400872A00 /* AppDelegate.swift in Sources */ = {isa = PBXBuildFile; fileRef = E91AFAEA2C7384C400872A00 /* AppDelegate.swift */; };
		E91AFB4A2C7384C400872A00 /* Constants.swift in Sources */ = {isa = PBXBuildFile; fileRef = E91AFAEB2C7384C400872A00 /* Constants.swift */; };
		E91AFB4B2C7384C400872A00 /* BookModel.swift in Sources */ = {isa = PBXBuildFile; fileRef = E91AFAED2C7384C400872A00 /* BookModel.swift */; };
		E91AFB4C2C7384C400872A00 /* PhotoModel.swift in Sources */ = {isa = PBXBuildFile; fileRef = E91AFAEE2C7384C400872A00 /* PhotoModel.swift */; };
		E91AFB4D2C7384C400872A00 /* PostModel.swift in Sources */ = {isa = PBXBuildFile; fileRef = E91AFAEF2C7384C400872A00 /* PostModel.swift */; };
		E91AFB4E2C7384C400872A00 /* RequestModel.swift in Sources */ = {isa = PBXBuildFile; fileRef = E91AFAF02C7384C400872A00 /* RequestModel.swift */; };
		E91AFB4F2C7384C400872A00 /* UserModel.swift in Sources */ = {isa = PBXBuildFile; fileRef = E91AFAF12C7384C400872A00 /* UserModel.swift */; };
		E91AFB502C7384C400872A00 /* DateExtension.swift in Sources */ = {isa = PBXBuildFile; fileRef = E91AFAF32C7384C400872A00 /* DateExtension.swift */; };
		E91AFB512C7384C400872A00 /* FirebaseExtension.swift in Sources */ = {isa = PBXBuildFile; fileRef = E91AFAF42C7384C400872A00 /* FirebaseExtension.swift */; };
		E91AFB522C7384C400872A00 /* UIViewExtension.swift in Sources */ = {isa = PBXBuildFile; fileRef = E91AFAF52C7384C400872A00 /* UIViewExtension.swift */; };
		E91AFB532C7384C400872A00 /* HomeInteractor.swift in Sources */ = {isa = PBXBuildFile; fileRef = E91AFAF72C7384C400872A00 /* HomeInteractor.swift */; };
		E91AFB542C7384C400872A00 /* HomeInterfaces.swift in Sources */ = {isa = PBXBuildFile; fileRef = E91AFAF82C7384C400872A00 /* HomeInterfaces.swift */; };
		E91AFB552C7384C400872A00 /* HomePresenter.swift in Sources */ = {isa = PBXBuildFile; fileRef = E91AFAF92C7384C400872A00 /* HomePresenter.swift */; };
		E91AFB562C7384C400872A00 /* HomeViewController.swift in Sources */ = {isa = PBXBuildFile; fileRef = E91AFAFA2C7384C400872A00 /* HomeViewController.swift */; };
		E91AFB572C7384C400872A00 /* HomeWireframe.swift in Sources */ = {isa = PBXBuildFile; fileRef = E91AFAFB2C7384C400872A00 /* HomeWireframe.swift */; };
		E91AFB582C7384C400872A00 /* LoginInteractor.swift in Sources */ = {isa = PBXBuildFile; fileRef = E91AFAFD2C7384C400872A00 /* LoginInteractor.swift */; };
		E91AFB592C7384C400872A00 /* LoginInterfaces.swift in Sources */ = {isa = PBXBuildFile; fileRef = E91AFAFE2C7384C400872A00 /* LoginInterfaces.swift */; };
		E91AFB5A2C7384C400872A00 /* LoginPresenter.swift in Sources */ = {isa = PBXBuildFile; fileRef = E91AFAFF2C7384C400872A00 /* LoginPresenter.swift */; };
		E91AFB5B2C7384C400872A00 /* LoginViewController.swift in Sources */ = {isa = PBXBuildFile; fileRef = E91AFB002C7384C400872A00 /* LoginViewController.swift */; };
		E91AFB5C2C7384C400872A00 /* LoginWireframe.swift in Sources */ = {isa = PBXBuildFile; fileRef = E91AFB012C7384C400872A00 /* LoginWireframe.swift */; };
		E91AFB5D2C7384C400872A00 /* PhotoSelectorInteractor.swift in Sources */ = {isa = PBXBuildFile; fileRef = E91AFB032C7384C400872A00 /* PhotoSelectorInteractor.swift */; };
		E91AFB5E2C7384C400872A00 /* PhotoSelectorInterfaces.swift in Sources */ = {isa = PBXBuildFile; fileRef = E91AFB042C7384C400872A00 /* PhotoSelectorInterfaces.swift */; };
		E91AFB5F2C7384C400872A00 /* PhotoSelectorPresenter.swift in Sources */ = {isa = PBXBuildFile; fileRef = E91AFB052C7384C400872A00 /* PhotoSelectorPresenter.swift */; };
		E91AFB602C7384C400872A00 /* PhotoSelectorViewController.swift in Sources */ = {isa = PBXBuildFile; fileRef = E91AFB062C7384C400872A00 /* PhotoSelectorViewController.swift */; };
		E91AFB612C7384C400872A00 /* PhotoSelectorWireframe.swift in Sources */ = {isa = PBXBuildFile; fileRef = E91AFB072C7384C400872A00 /* PhotoSelectorWireframe.swift */; };
		E91AFB622C7384C400872A00 /* ProfileInteractor.swift in Sources */ = {isa = PBXBuildFile; fileRef = E91AFB092C7384C400872A00 /* ProfileInteractor.swift */; };
		E91AFB632C7384C400872A00 /* ProfileInterfaces.swift in Sources */ = {isa = PBXBuildFile; fileRef = E91AFB0A2C7384C400872A00 /* ProfileInterfaces.swift */; };
		E91AFB642C7384C400872A00 /* ProfilePresenter.swift in Sources */ = {isa = PBXBuildFile; fileRef = E91AFB0B2C7384C400872A00 /* ProfilePresenter.swift */; };
		E91AFB652C7384C400872A00 /* ProfileViewController.swift in Sources */ = {isa = PBXBuildFile; fileRef = E91AFB0C2C7384C400872A00 /* ProfileViewController.swift */; };
		E91AFB662C7384C400872A00 /* ProfileWireframe.swift in Sources */ = {isa = PBXBuildFile; fileRef = E91AFB0D2C7384C400872A00 /* ProfileWireframe.swift */; };
		E91AFB672C7384C400872A00 /* SearchInteractor.swift in Sources */ = {isa = PBXBuildFile; fileRef = E91AFB0F2C7384C400872A00 /* SearchInteractor.swift */; };
		E91AFB682C7384C400872A00 /* SearchInterfaces.swift in Sources */ = {isa = PBXBuildFile; fileRef = E91AFB102C7384C400872A00 /* SearchInterfaces.swift */; };
		E91AFB692C7384C400872A00 /* SearchPresenter.swift in Sources */ = {isa = PBXBuildFile; fileRef = E91AFB112C7384C400872A00 /* SearchPresenter.swift */; };
		E91AFB6A2C7384C400872A00 /* SearchViewController.swift in Sources */ = {isa = PBXBuildFile; fileRef = E91AFB122C7384C400872A00 /* SearchViewController.swift */; };
		E91AFB6B2C7384C400872A00 /* SearchWireframe.swift in Sources */ = {isa = PBXBuildFile; fileRef = E91AFB132C7384C400872A00 /* SearchWireframe.swift */; };
		E91AFB6C2C7384C400872A00 /* ShareBookInteractor.swift in Sources */ = {isa = PBXBuildFile; fileRef = E91AFB152C7384C400872A00 /* ShareBookInteractor.swift */; };
		E91AFB6D2C7384C400872A00 /* ShareBookInterfaces.swift in Sources */ = {isa = PBXBuildFile; fileRef = E91AFB162C7384C400872A00 /* ShareBookInterfaces.swift */; };
		E91AFB6E2C7384C400872A00 /* ShareBookPresenter.swift in Sources */ = {isa = PBXBuildFile; fileRef = E91AFB172C7384C400872A00 /* ShareBookPresenter.swift */; };
		E91AFB6F2C7384C400872A00 /* ShareBookViewController.swift in Sources */ = {isa = PBXBuildFile; fileRef = E91AFB182C7384C400872A00 /* ShareBookViewController.swift */; };
		E91AFB702C7384C400872A00 /* ShareBookWireframe.swift in Sources */ = {isa = PBXBuildFile; fileRef = E91AFB192C7384C400872A00 /* ShareBookWireframe.swift */; };
		E91AFB712C7384C400872A00 /* SignUpInteractor.swift in Sources */ = {isa = PBXBuildFile; fileRef = E91AFB1B2C7384C400872A00 /* SignUpInteractor.swift */; };
		E91AFB722C7384C400872A00 /* SignUpInterfaces.swift in Sources */ = {isa = PBXBuildFile; fileRef = E91AFB1C2C7384C400872A00 /* SignUpInterfaces.swift */; };
		E91AFB732C7384C400872A00 /* SignUpPresenter.swift in Sources */ = {isa = PBXBuildFile; fileRef = E91AFB1D2C7384C400872A00 /* SignUpPresenter.swift */; };
		E91AFB742C7384C400872A00 /* SignUpViewController.swift in Sources */ = {isa = PBXBuildFile; fileRef = E91AFB1E2C7384C400872A00 /* SignUpViewController.swift */; };
		E91AFB752C7384C400872A00 /* SignUpWireframe.swift in Sources */ = {isa = PBXBuildFile; fileRef = E91AFB1F2C7384C400872A00 /* SignUpWireframe.swift */; };
		E91AFB762C7384C400872A00 /* SwapInteractor.swift in Sources */ = {isa = PBXBuildFile; fileRef = E91AFB212C7384C400872A00 /* SwapInteractor.swift */; };
		E91AFB772C7384C400872A00 /* SwapInterfaces.swift in Sources */ = {isa = PBXBuildFile; fileRef = E91AFB222C7384C400872A00 /* SwapInterfaces.swift */; };
		E91AFB782C7384C400872A00 /* SwapPresenter.swift in Sources */ = {isa = PBXBuildFile; fileRef = E91AFB232C7384C400872A00 /* SwapPresenter.swift */; };
		E91AFB792C7384C400872A00 /* SwapViewController.swift in Sources */ = {isa = PBXBuildFile; fileRef = E91AFB242C7384C400872A00 /* SwapViewController.swift */; };
		E91AFB7A2C7384C400872A00 /* SwapWireframe.swift in Sources */ = {isa = PBXBuildFile; fileRef = E91AFB252C7384C400872A00 /* SwapWireframe.swift */; };
		E91AFB7B2C7384C400872A00 /* TabBarController.swift in Sources */ = {isa = PBXBuildFile; fileRef = E91AFB272C7384C400872A00 /* TabBarController.swift */; };
		E91AFB7C2C7384C400872A00 /* TabBarInterfaces.swift in Sources */ = {isa = PBXBuildFile; fileRef = E91AFB282C7384C400872A00 /* TabBarInterfaces.swift */; };
		E91AFB7D2C7384C400872A00 /* TabBarPresenter.swift in Sources */ = {isa = PBXBuildFile; fileRef = E91AFB292C7384C400872A00 /* TabBarPresenter.swift */; };
		E91AFB7E2C7384C400872A00 /* TabBarWireframe.swift in Sources */ = {isa = PBXBuildFile; fileRef = E91AFB2A2C7384C400872A00 /* TabBarWireframe.swift */; };
		E91AFB7F2C7384C400872A00 /* Assets.xcassets in Resources */ = {isa = PBXBuildFile; fileRef = E91AFB2C2C7384C400872A00 /* Assets.xcassets */; };
		E91AFB802C7384C400872A00 /* CustomImageView.swift in Sources */ = {isa = PBXBuildFile; fileRef = E91AFB2D2C7384C400872A00 /* CustomImageView.swift */; };
		E91AFB812C7384C400872A00 /* VCPreview.swift in Sources */ = {isa = PBXBuildFile; fileRef = E91AFB2E2C7384C400872A00 /* VCPreview.swift */; };
		E91AFB822C7384C400872A00 /* GoogleService-Info.plist in Resources */ = {isa = PBXBuildFile; fileRef = E91AFB312C7384C400872A00 /* GoogleService-Info.plist */; };
		E97C04F72C77CD1E000F02F5 /* Launch Screen.storyboard in Resources */ = {isa = PBXBuildFile; fileRef = E97C04F62C77CD1E000F02F5 /* Launch Screen.storyboard */; };
		E99E5FC52C738CA800EF2AF2 /* BookNetTests.swift in Sources */ = {isa = PBXBuildFile; fileRef = E99E5FC42C738CA800EF2AF2 /* BookNetTests.swift */; };
		E99E5FCE2C73981F00EF2AF2 /* HomeInteractorTests.swift in Sources */ = {isa = PBXBuildFile; fileRef = E99E5FCD2C73981F00EF2AF2 /* HomeInteractorTests.swift */; };
		E99E5FD02C7398C600EF2AF2 /* HomePresenterTests.swift in Sources */ = {isa = PBXBuildFile; fileRef = E99E5FCF2C7398C600EF2AF2 /* HomePresenterTests.swift */; };
		E99E5FD22C7398EB00EF2AF2 /* HomeViewTests.swift in Sources */ = {isa = PBXBuildFile; fileRef = E99E5FD12C7398EB00EF2AF2 /* HomeViewTests.swift */; };
		E99E5FD42C73997F00EF2AF2 /* HomeWireframeTests.swift in Sources */ = {isa = PBXBuildFile; fileRef = E99E5FD32C73997F00EF2AF2 /* HomeWireframeTests.swift */; };
		E9D9FA8D2BD5469200BAADD5 /* FirebaseAuth in Frameworks */ = {isa = PBXBuildFile; productRef = E9D9FA8C2BD5469200BAADD5 /* FirebaseAuth */; };
		E9D9FA8F2BD5469200BAADD5 /* FirebaseAuthCombine-Community in Frameworks */ = {isa = PBXBuildFile; productRef = E9D9FA8E2BD5469200BAADD5 /* FirebaseAuthCombine-Community */; };
		E9D9FA912BD5469200BAADD5 /* FirebaseDatabase in Frameworks */ = {isa = PBXBuildFile; productRef = E9D9FA902BD5469200BAADD5 /* FirebaseDatabase */; };
		E9D9FA932BD5469200BAADD5 /* FirebaseDatabaseSwift in Frameworks */ = {isa = PBXBuildFile; productRef = E9D9FA922BD5469200BAADD5 /* FirebaseDatabaseSwift */; };
		E9D9FA952BD5469200BAADD5 /* FirebaseStorage in Frameworks */ = {isa = PBXBuildFile; productRef = E9D9FA942BD5469200BAADD5 /* FirebaseStorage */; };
		E9D9FA972BD5469200BAADD5 /* FirebaseStorageCombine-Community in Frameworks */ = {isa = PBXBuildFile; productRef = E9D9FA962BD5469200BAADD5 /* FirebaseStorageCombine-Community */; };
/* End PBXBuildFile section */

/* Begin PBXContainerItemProxy section */
		E99E5FC62C738CA800EF2AF2 /* PBXContainerItemProxy */ = {
			isa = PBXContainerItemProxy;
			containerPortal = E9B949E92BD437D00025D344 /* Project object */;
			proxyType = 1;
			remoteGlobalIDString = E9B949F02BD437D00025D344;
			remoteInfo = Project;
		};
/* End PBXContainerItemProxy section */

/* Begin PBXFileReference section */
		E91AFACF2C7384C400872A00 /* AddBookInteractor.swift */ = {isa = PBXFileReference; fileEncoding = 4; lastKnownFileType = sourcecode.swift; path = AddBookInteractor.swift; sourceTree = "<group>"; };
		E91AFAD02C7384C400872A00 /* AddBookInterfaces.swift */ = {isa = PBXFileReference; fileEncoding = 4; lastKnownFileType = sourcecode.swift; path = AddBookInterfaces.swift; sourceTree = "<group>"; };
		E91AFAD12C7384C400872A00 /* AddBookPresenter.swift */ = {isa = PBXFileReference; fileEncoding = 4; lastKnownFileType = sourcecode.swift; path = AddBookPresenter.swift; sourceTree = "<group>"; };
		E91AFAD22C7384C400872A00 /* AddBookViewController.swift */ = {isa = PBXFileReference; fileEncoding = 4; lastKnownFileType = sourcecode.swift; path = AddBookViewController.swift; sourceTree = "<group>"; };
		E91AFAD32C7384C400872A00 /* AddBookWireframe.swift */ = {isa = PBXFileReference; fileEncoding = 4; lastKnownFileType = sourcecode.swift; path = AddBookWireframe.swift; sourceTree = "<group>"; };
		E91AFAD92C7384C400872A00 /* CustomBookCell.swift */ = {isa = PBXFileReference; fileEncoding = 4; lastKnownFileType = sourcecode.swift; path = CustomBookCell.swift; sourceTree = "<group>"; };
		E91AFADB2C7384C400872A00 /* CustomPostCell.swift */ = {isa = PBXFileReference; fileEncoding = 4; lastKnownFileType = sourcecode.swift; path = CustomPostCell.swift; sourceTree = "<group>"; };
		E91AFADC2C7384C400872A00 /* CustomRequestsCell.swift */ = {isa = PBXFileReference; fileEncoding = 4; lastKnownFileType = sourcecode.swift; path = CustomRequestsCell.swift; sourceTree = "<group>"; };
		E91AFADD2C7384C400872A00 /* PhotoSelectorCell.swift */ = {isa = PBXFileReference; fileEncoding = 4; lastKnownFileType = sourcecode.swift; path = PhotoSelectorCell.swift; sourceTree = "<group>"; };
		E91AFADE2C7384C400872A00 /* PhotoSelectorHeader.swift */ = {isa = PBXFileReference; fileEncoding = 4; lastKnownFileType = sourcecode.swift; path = PhotoSelectorHeader.swift; sourceTree = "<group>"; };
		E91AFADF2C7384C400872A00 /* PostCollectionViewCell.swift */ = {isa = PBXFileReference; fileEncoding = 4; lastKnownFileType = sourcecode.swift; path = PostCollectionViewCell.swift; sourceTree = "<group>"; };
		E91AFAE02C7384C400872A00 /* SearchBookCell.swift */ = {isa = PBXFileReference; fileEncoding = 4; lastKnownFileType = sourcecode.swift; path = SearchBookCell.swift; sourceTree = "<group>"; };
		E91AFAE22C7384C400872A00 /* BaseWireframe.swift */ = {isa = PBXFileReference; fileEncoding = 4; lastKnownFileType = sourcecode.swift; path = BaseWireframe.swift; sourceTree = "<group>"; };
		E91AFAE32C7384C400872A00 /* FormatterInterface.swift */ = {isa = PBXFileReference; fileEncoding = 4; lastKnownFileType = sourcecode.swift; path = FormatterInterface.swift; sourceTree = "<group>"; };
		E91AFAE42C7384C400872A00 /* InteractorInterface.swift */ = {isa = PBXFileReference; fileEncoding = 4; lastKnownFileType = sourcecode.swift; path = InteractorInterface.swift; sourceTree = "<group>"; };
		E91AFAE52C7384C400872A00 /* PresenterInterface.swift */ = {isa = PBXFileReference; fileEncoding = 4; lastKnownFileType = sourcecode.swift; path = PresenterInterface.swift; sourceTree = "<group>"; };
		E91AFAE62C7384C400872A00 /* UIStoryboardExtension.swift */ = {isa = PBXFileReference; fileEncoding = 4; lastKnownFileType = sourcecode.swift; path = UIStoryboardExtension.swift; sourceTree = "<group>"; };
		E91AFAE72C7384C400872A00 /* ViewInterface.swift */ = {isa = PBXFileReference; fileEncoding = 4; lastKnownFileType = sourcecode.swift; path = ViewInterface.swift; sourceTree = "<group>"; };
		E91AFAEA2C7384C400872A00 /* AppDelegate.swift */ = {isa = PBXFileReference; fileEncoding = 4; lastKnownFileType = sourcecode.swift; path = AppDelegate.swift; sourceTree = "<group>"; };
		E91AFAEB2C7384C400872A00 /* Constants.swift */ = {isa = PBXFileReference; fileEncoding = 4; lastKnownFileType = sourcecode.swift; path = Constants.swift; sourceTree = "<group>"; };
		E91AFAED2C7384C400872A00 /* BookModel.swift */ = {isa = PBXFileReference; fileEncoding = 4; lastKnownFileType = sourcecode.swift; path = BookModel.swift; sourceTree = "<group>"; };
		E91AFAEE2C7384C400872A00 /* PhotoModel.swift */ = {isa = PBXFileReference; fileEncoding = 4; lastKnownFileType = sourcecode.swift; path = PhotoModel.swift; sourceTree = "<group>"; };
		E91AFAEF2C7384C400872A00 /* PostModel.swift */ = {isa = PBXFileReference; fileEncoding = 4; lastKnownFileType = sourcecode.swift; path = PostModel.swift; sourceTree = "<group>"; };
		E91AFAF02C7384C400872A00 /* RequestModel.swift */ = {isa = PBXFileReference; fileEncoding = 4; lastKnownFileType = sourcecode.swift; path = RequestModel.swift; sourceTree = "<group>"; };
		E91AFAF12C7384C400872A00 /* UserModel.swift */ = {isa = PBXFileReference; fileEncoding = 4; lastKnownFileType = sourcecode.swift; path = UserModel.swift; sourceTree = "<group>"; };
		E91AFAF32C7384C400872A00 /* DateExtension.swift */ = {isa = PBXFileReference; fileEncoding = 4; lastKnownFileType = sourcecode.swift; path = DateExtension.swift; sourceTree = "<group>"; };
		E91AFAF42C7384C400872A00 /* FirebaseExtension.swift */ = {isa = PBXFileReference; fileEncoding = 4; lastKnownFileType = sourcecode.swift; path = FirebaseExtension.swift; sourceTree = "<group>"; };
		E91AFAF52C7384C400872A00 /* UIViewExtension.swift */ = {isa = PBXFileReference; fileEncoding = 4; lastKnownFileType = sourcecode.swift; path = UIViewExtension.swift; sourceTree = "<group>"; };
		E91AFAF72C7384C400872A00 /* HomeInteractor.swift */ = {isa = PBXFileReference; fileEncoding = 4; lastKnownFileType = sourcecode.swift; path = HomeInteractor.swift; sourceTree = "<group>"; };
		E91AFAF82C7384C400872A00 /* HomeInterfaces.swift */ = {isa = PBXFileReference; fileEncoding = 4; lastKnownFileType = sourcecode.swift; path = HomeInterfaces.swift; sourceTree = "<group>"; };
		E91AFAF92C7384C400872A00 /* HomePresenter.swift */ = {isa = PBXFileReference; fileEncoding = 4; lastKnownFileType = sourcecode.swift; path = HomePresenter.swift; sourceTree = "<group>"; };
		E91AFAFA2C7384C400872A00 /* HomeViewController.swift */ = {isa = PBXFileReference; fileEncoding = 4; lastKnownFileType = sourcecode.swift; path = HomeViewController.swift; sourceTree = "<group>"; };
		E91AFAFB2C7384C400872A00 /* HomeWireframe.swift */ = {isa = PBXFileReference; fileEncoding = 4; lastKnownFileType = sourcecode.swift; path = HomeWireframe.swift; sourceTree = "<group>"; };
		E91AFAFD2C7384C400872A00 /* LoginInteractor.swift */ = {isa = PBXFileReference; fileEncoding = 4; lastKnownFileType = sourcecode.swift; path = LoginInteractor.swift; sourceTree = "<group>"; };
		E91AFAFE2C7384C400872A00 /* LoginInterfaces.swift */ = {isa = PBXFileReference; fileEncoding = 4; lastKnownFileType = sourcecode.swift; path = LoginInterfaces.swift; sourceTree = "<group>"; };
		E91AFAFF2C7384C400872A00 /* LoginPresenter.swift */ = {isa = PBXFileReference; fileEncoding = 4; lastKnownFileType = sourcecode.swift; path = LoginPresenter.swift; sourceTree = "<group>"; };
		E91AFB002C7384C400872A00 /* LoginViewController.swift */ = {isa = PBXFileReference; fileEncoding = 4; lastKnownFileType = sourcecode.swift; path = LoginViewController.swift; sourceTree = "<group>"; };
		E91AFB012C7384C400872A00 /* LoginWireframe.swift */ = {isa = PBXFileReference; fileEncoding = 4; lastKnownFileType = sourcecode.swift; path = LoginWireframe.swift; sourceTree = "<group>"; };
		E91AFB032C7384C400872A00 /* PhotoSelectorInteractor.swift */ = {isa = PBXFileReference; fileEncoding = 4; lastKnownFileType = sourcecode.swift; path = PhotoSelectorInteractor.swift; sourceTree = "<group>"; };
		E91AFB042C7384C400872A00 /* PhotoSelectorInterfaces.swift */ = {isa = PBXFileReference; fileEncoding = 4; lastKnownFileType = sourcecode.swift; path = PhotoSelectorInterfaces.swift; sourceTree = "<group>"; };
		E91AFB052C7384C400872A00 /* PhotoSelectorPresenter.swift */ = {isa = PBXFileReference; fileEncoding = 4; lastKnownFileType = sourcecode.swift; path = PhotoSelectorPresenter.swift; sourceTree = "<group>"; };
		E91AFB062C7384C400872A00 /* PhotoSelectorViewController.swift */ = {isa = PBXFileReference; fileEncoding = 4; lastKnownFileType = sourcecode.swift; path = PhotoSelectorViewController.swift; sourceTree = "<group>"; };
		E91AFB072C7384C400872A00 /* PhotoSelectorWireframe.swift */ = {isa = PBXFileReference; fileEncoding = 4; lastKnownFileType = sourcecode.swift; path = PhotoSelectorWireframe.swift; sourceTree = "<group>"; };
		E91AFB092C7384C400872A00 /* ProfileInteractor.swift */ = {isa = PBXFileReference; fileEncoding = 4; lastKnownFileType = sourcecode.swift; path = ProfileInteractor.swift; sourceTree = "<group>"; };
		E91AFB0A2C7384C400872A00 /* ProfileInterfaces.swift */ = {isa = PBXFileReference; fileEncoding = 4; lastKnownFileType = sourcecode.swift; path = ProfileInterfaces.swift; sourceTree = "<group>"; };
		E91AFB0B2C7384C400872A00 /* ProfilePresenter.swift */ = {isa = PBXFileReference; fileEncoding = 4; lastKnownFileType = sourcecode.swift; path = ProfilePresenter.swift; sourceTree = "<group>"; };
		E91AFB0C2C7384C400872A00 /* ProfileViewController.swift */ = {isa = PBXFileReference; fileEncoding = 4; lastKnownFileType = sourcecode.swift; path = ProfileViewController.swift; sourceTree = "<group>"; };
		E91AFB0D2C7384C400872A00 /* ProfileWireframe.swift */ = {isa = PBXFileReference; fileEncoding = 4; lastKnownFileType = sourcecode.swift; path = ProfileWireframe.swift; sourceTree = "<group>"; };
		E91AFB0F2C7384C400872A00 /* SearchInteractor.swift */ = {isa = PBXFileReference; fileEncoding = 4; lastKnownFileType = sourcecode.swift; path = SearchInteractor.swift; sourceTree = "<group>"; };
		E91AFB102C7384C400872A00 /* SearchInterfaces.swift */ = {isa = PBXFileReference; fileEncoding = 4; lastKnownFileType = sourcecode.swift; path = SearchInterfaces.swift; sourceTree = "<group>"; };
		E91AFB112C7384C400872A00 /* SearchPresenter.swift */ = {isa = PBXFileReference; fileEncoding = 4; lastKnownFileType = sourcecode.swift; path = SearchPresenter.swift; sourceTree = "<group>"; };
		E91AFB122C7384C400872A00 /* SearchViewController.swift */ = {isa = PBXFileReference; fileEncoding = 4; lastKnownFileType = sourcecode.swift; path = SearchViewController.swift; sourceTree = "<group>"; };
		E91AFB132C7384C400872A00 /* SearchWireframe.swift */ = {isa = PBXFileReference; fileEncoding = 4; lastKnownFileType = sourcecode.swift; path = SearchWireframe.swift; sourceTree = "<group>"; };
		E91AFB152C7384C400872A00 /* ShareBookInteractor.swift */ = {isa = PBXFileReference; fileEncoding = 4; lastKnownFileType = sourcecode.swift; path = ShareBookInteractor.swift; sourceTree = "<group>"; };
		E91AFB162C7384C400872A00 /* ShareBookInterfaces.swift */ = {isa = PBXFileReference; fileEncoding = 4; lastKnownFileType = sourcecode.swift; path = ShareBookInterfaces.swift; sourceTree = "<group>"; };
		E91AFB172C7384C400872A00 /* ShareBookPresenter.swift */ = {isa = PBXFileReference; fileEncoding = 4; lastKnownFileType = sourcecode.swift; path = ShareBookPresenter.swift; sourceTree = "<group>"; };
		E91AFB182C7384C400872A00 /* ShareBookViewController.swift */ = {isa = PBXFileReference; fileEncoding = 4; lastKnownFileType = sourcecode.swift; path = ShareBookViewController.swift; sourceTree = "<group>"; };
		E91AFB192C7384C400872A00 /* ShareBookWireframe.swift */ = {isa = PBXFileReference; fileEncoding = 4; lastKnownFileType = sourcecode.swift; path = ShareBookWireframe.swift; sourceTree = "<group>"; };
		E91AFB1B2C7384C400872A00 /* SignUpInteractor.swift */ = {isa = PBXFileReference; fileEncoding = 4; lastKnownFileType = sourcecode.swift; path = SignUpInteractor.swift; sourceTree = "<group>"; };
		E91AFB1C2C7384C400872A00 /* SignUpInterfaces.swift */ = {isa = PBXFileReference; fileEncoding = 4; lastKnownFileType = sourcecode.swift; path = SignUpInterfaces.swift; sourceTree = "<group>"; };
		E91AFB1D2C7384C400872A00 /* SignUpPresenter.swift */ = {isa = PBXFileReference; fileEncoding = 4; lastKnownFileType = sourcecode.swift; path = SignUpPresenter.swift; sourceTree = "<group>"; };
		E91AFB1E2C7384C400872A00 /* SignUpViewController.swift */ = {isa = PBXFileReference; fileEncoding = 4; lastKnownFileType = sourcecode.swift; path = SignUpViewController.swift; sourceTree = "<group>"; };
		E91AFB1F2C7384C400872A00 /* SignUpWireframe.swift */ = {isa = PBXFileReference; fileEncoding = 4; lastKnownFileType = sourcecode.swift; path = SignUpWireframe.swift; sourceTree = "<group>"; };
		E91AFB212C7384C400872A00 /* SwapInteractor.swift */ = {isa = PBXFileReference; fileEncoding = 4; lastKnownFileType = sourcecode.swift; path = SwapInteractor.swift; sourceTree = "<group>"; };
		E91AFB222C7384C400872A00 /* SwapInterfaces.swift */ = {isa = PBXFileReference; fileEncoding = 4; lastKnownFileType = sourcecode.swift; path = SwapInterfaces.swift; sourceTree = "<group>"; };
		E91AFB232C7384C400872A00 /* SwapPresenter.swift */ = {isa = PBXFileReference; fileEncoding = 4; lastKnownFileType = sourcecode.swift; path = SwapPresenter.swift; sourceTree = "<group>"; };
		E91AFB242C7384C400872A00 /* SwapViewController.swift */ = {isa = PBXFileReference; fileEncoding = 4; lastKnownFileType = sourcecode.swift; path = SwapViewController.swift; sourceTree = "<group>"; };
		E91AFB252C7384C400872A00 /* SwapWireframe.swift */ = {isa = PBXFileReference; fileEncoding = 4; lastKnownFileType = sourcecode.swift; path = SwapWireframe.swift; sourceTree = "<group>"; };
		E91AFB272C7384C400872A00 /* TabBarController.swift */ = {isa = PBXFileReference; fileEncoding = 4; lastKnownFileType = sourcecode.swift; path = TabBarController.swift; sourceTree = "<group>"; };
		E91AFB282C7384C400872A00 /* TabBarInterfaces.swift */ = {isa = PBXFileReference; fileEncoding = 4; lastKnownFileType = sourcecode.swift; path = TabBarInterfaces.swift; sourceTree = "<group>"; };
		E91AFB292C7384C400872A00 /* TabBarPresenter.swift */ = {isa = PBXFileReference; fileEncoding = 4; lastKnownFileType = sourcecode.swift; path = TabBarPresenter.swift; sourceTree = "<group>"; };
		E91AFB2A2C7384C400872A00 /* TabBarWireframe.swift */ = {isa = PBXFileReference; fileEncoding = 4; lastKnownFileType = sourcecode.swift; path = TabBarWireframe.swift; sourceTree = "<group>"; };
		E91AFB2C2C7384C400872A00 /* Assets.xcassets */ = {isa = PBXFileReference; lastKnownFileType = folder.assetcatalog; path = Assets.xcassets; sourceTree = "<group>"; };
		E91AFB2D2C7384C400872A00 /* CustomImageView.swift */ = {isa = PBXFileReference; fileEncoding = 4; lastKnownFileType = sourcecode.swift; path = CustomImageView.swift; sourceTree = "<group>"; };
		E91AFB2E2C7384C400872A00 /* VCPreview.swift */ = {isa = PBXFileReference; fileEncoding = 4; lastKnownFileType = sourcecode.swift; path = VCPreview.swift; sourceTree = "<group>"; };
		E91AFB312C7384C400872A00 /* GoogleService-Info.plist */ = {isa = PBXFileReference; fileEncoding = 4; lastKnownFileType = text.plist.xml; path = "GoogleService-Info.plist"; sourceTree = "<group>"; };
		E97C04F62C77CD1E000F02F5 /* Launch Screen.storyboard */ = {isa = PBXFileReference; lastKnownFileType = file.storyboard; path = "Launch Screen.storyboard"; sourceTree = "<group>"; };
		E99E5FBD2C73881E00EF2AF2 /* BookNet.app */ = {isa = PBXFileReference; explicitFileType = wrapper.application; includeInIndex = 0; path = BookNet.app; sourceTree = BUILT_PRODUCTS_DIR; };
		E99E5FC22C738CA800EF2AF2 /* BookNetTests.xctest */ = {isa = PBXFileReference; explicitFileType = wrapper.cfbundle; includeInIndex = 0; path = BookNetTests.xctest; sourceTree = BUILT_PRODUCTS_DIR; };
		E99E5FC42C738CA800EF2AF2 /* BookNetTests.swift */ = {isa = PBXFileReference; lastKnownFileType = sourcecode.swift; path = BookNetTests.swift; sourceTree = "<group>"; };
		E99E5FCD2C73981F00EF2AF2 /* HomeInteractorTests.swift */ = {isa = PBXFileReference; lastKnownFileType = sourcecode.swift; path = HomeInteractorTests.swift; sourceTree = "<group>"; };
		E99E5FCF2C7398C600EF2AF2 /* HomePresenterTests.swift */ = {isa = PBXFileReference; lastKnownFileType = sourcecode.swift; path = HomePresenterTests.swift; sourceTree = "<group>"; };
		E99E5FD12C7398EB00EF2AF2 /* HomeViewTests.swift */ = {isa = PBXFileReference; lastKnownFileType = sourcecode.swift; path = HomeViewTests.swift; sourceTree = "<group>"; };
		E99E5FD32C73997F00EF2AF2 /* HomeWireframeTests.swift */ = {isa = PBXFileReference; lastKnownFileType = sourcecode.swift; path = HomeWireframeTests.swift; sourceTree = "<group>"; };
/* End PBXFileReference section */

/* Begin PBXFrameworksBuildPhase section */
		E99E5FBF2C738CA800EF2AF2 /* Frameworks */ = {
			isa = PBXFrameworksBuildPhase;
			buildActionMask = 2147483647;
			files = (
			);
			runOnlyForDeploymentPostprocessing = 0;
		};
		E9B949EE2BD437D00025D344 /* Frameworks */ = {
			isa = PBXFrameworksBuildPhase;
			buildActionMask = 2147483647;
			files = (
				E9D9FA932BD5469200BAADD5 /* FirebaseDatabaseSwift in Frameworks */,
				E9D9FA912BD5469200BAADD5 /* FirebaseDatabase in Frameworks */,
				E9D9FA8D2BD5469200BAADD5 /* FirebaseAuth in Frameworks */,
				E9D9FA952BD5469200BAADD5 /* FirebaseStorage in Frameworks */,
				E9D9FA972BD5469200BAADD5 /* FirebaseStorageCombine-Community in Frameworks */,
				E9D9FA8F2BD5469200BAADD5 /* FirebaseAuthCombine-Community in Frameworks */,
				E915CE1A2C622AA600490DA6 /* PKHUD in Frameworks */,
			);
			runOnlyForDeploymentPostprocessing = 0;
		};
/* End PBXFrameworksBuildPhase section */

/* Begin PBXGroup section */
		E91AFAD42C7384C400872A00 /* AddBook */ = {
			isa = PBXGroup;
			children = (
				E91AFACF2C7384C400872A00 /* AddBookInteractor.swift */,
				E91AFAD02C7384C400872A00 /* AddBookInterfaces.swift */,
				E91AFAD12C7384C400872A00 /* AddBookPresenter.swift */,
				E91AFAD22C7384C400872A00 /* AddBookViewController.swift */,
				E91AFAD32C7384C400872A00 /* AddBookWireframe.swift */,
			);
			path = AddBook;
			sourceTree = "<group>";
		};
		E91AFAE12C7384C400872A00 /* CustomCells */ = {
			isa = PBXGroup;
			children = (
				E91AFADB2C7384C400872A00 /* CustomPostCell.swift */,
				E91AFAD92C7384C400872A00 /* CustomBookCell.swift */,
				E91AFADC2C7384C400872A00 /* CustomRequestsCell.swift */,
				E91AFADD2C7384C400872A00 /* PhotoSelectorCell.swift */,
				E91AFADE2C7384C400872A00 /* PhotoSelectorHeader.swift */,
				E91AFADF2C7384C400872A00 /* PostCollectionViewCell.swift */,
				E91AFAE02C7384C400872A00 /* SearchBookCell.swift */,
			);
			path = CustomCells;
			sourceTree = "<group>";
		};
		E91AFAE82C7384C400872A00 /* VIPER */ = {
			isa = PBXGroup;
			children = (
				E91AFAE22C7384C400872A00 /* BaseWireframe.swift */,
				E91AFAE32C7384C400872A00 /* FormatterInterface.swift */,
				E91AFAE42C7384C400872A00 /* InteractorInterface.swift */,
				E91AFAE52C7384C400872A00 /* PresenterInterface.swift */,
				E91AFAE62C7384C400872A00 /* UIStoryboardExtension.swift */,
				E91AFAE72C7384C400872A00 /* ViewInterface.swift */,
			);
			path = VIPER;
			sourceTree = "<group>";
		};
		E91AFAE92C7384C400872A00 /* Common */ = {
			isa = PBXGroup;
			children = (
				E91AFAE12C7384C400872A00 /* CustomCells */,
				E91AFAE82C7384C400872A00 /* VIPER */,
			);
			path = Common;
			sourceTree = "<group>";
		};
		E91AFAEC2C7384C400872A00 /* Core */ = {
			isa = PBXGroup;
			children = (
				E91AFAEA2C7384C400872A00 /* AppDelegate.swift */,
				E91AFAEB2C7384C400872A00 /* Constants.swift */,
			);
			path = Core;
			sourceTree = "<group>";
		};
		E91AFAF22C7384C400872A00 /* Entities */ = {
			isa = PBXGroup;
			children = (
				E91AFAEF2C7384C400872A00 /* PostModel.swift */,
				E91AFAED2C7384C400872A00 /* BookModel.swift */,
				E91AFAEE2C7384C400872A00 /* PhotoModel.swift */,
				E91AFAF02C7384C400872A00 /* RequestModel.swift */,
				E91AFAF12C7384C400872A00 /* UserModel.swift */,
			);
			path = Entities;
			sourceTree = "<group>";
		};
		E91AFAF62C7384C400872A00 /* Extensions */ = {
			isa = PBXGroup;
			children = (
				E91AFAF32C7384C400872A00 /* DateExtension.swift */,
				E91AFAF42C7384C400872A00 /* FirebaseExtension.swift */,
				E91AFAF52C7384C400872A00 /* UIViewExtension.swift */,
			);
			path = Extensions;
			sourceTree = "<group>";
		};
		E91AFAFC2C7384C400872A00 /* Home */ = {
			isa = PBXGroup;
			children = (
				E91AFAF72C7384C400872A00 /* HomeInteractor.swift */,
				E91AFAF82C7384C400872A00 /* HomeInterfaces.swift */,
				E91AFAF92C7384C400872A00 /* HomePresenter.swift */,
				E91AFAFA2C7384C400872A00 /* HomeViewController.swift */,
				E91AFAFB2C7384C400872A00 /* HomeWireframe.swift */,
			);
			path = Home;
			sourceTree = "<group>";
		};
		E91AFB022C7384C400872A00 /* Login */ = {
			isa = PBXGroup;
			children = (
				E91AFAFD2C7384C400872A00 /* LoginInteractor.swift */,
				E91AFAFE2C7384C400872A00 /* LoginInterfaces.swift */,
				E91AFAFF2C7384C400872A00 /* LoginPresenter.swift */,
				E91AFB002C7384C400872A00 /* LoginViewController.swift */,
				E91AFB012C7384C400872A00 /* LoginWireframe.swift */,
			);
			path = Login;
			sourceTree = "<group>";
		};
		E91AFB082C7384C400872A00 /* PhotoSelector */ = {
			isa = PBXGroup;
			children = (
				E91AFB032C7384C400872A00 /* PhotoSelectorInteractor.swift */,
				E91AFB042C7384C400872A00 /* PhotoSelectorInterfaces.swift */,
				E91AFB052C7384C400872A00 /* PhotoSelectorPresenter.swift */,
				E91AFB062C7384C400872A00 /* PhotoSelectorViewController.swift */,
				E91AFB072C7384C400872A00 /* PhotoSelectorWireframe.swift */,
			);
			path = PhotoSelector;
			sourceTree = "<group>";
		};
		E91AFB0E2C7384C400872A00 /* Profile */ = {
			isa = PBXGroup;
			children = (
				E91AFB092C7384C400872A00 /* ProfileInteractor.swift */,
				E91AFB0A2C7384C400872A00 /* ProfileInterfaces.swift */,
				E91AFB0B2C7384C400872A00 /* ProfilePresenter.swift */,
				E91AFB0C2C7384C400872A00 /* ProfileViewController.swift */,
				E91AFB0D2C7384C400872A00 /* ProfileWireframe.swift */,
			);
			path = Profile;
			sourceTree = "<group>";
		};
		E91AFB142C7384C400872A00 /* Search */ = {
			isa = PBXGroup;
			children = (
				E91AFB0F2C7384C400872A00 /* SearchInteractor.swift */,
				E91AFB102C7384C400872A00 /* SearchInterfaces.swift */,
				E91AFB112C7384C400872A00 /* SearchPresenter.swift */,
				E91AFB122C7384C400872A00 /* SearchViewController.swift */,
				E91AFB132C7384C400872A00 /* SearchWireframe.swift */,
			);
			path = Search;
			sourceTree = "<group>";
		};
		E91AFB1A2C7384C400872A00 /* ShareBook */ = {
			isa = PBXGroup;
			children = (
				E91AFB152C7384C400872A00 /* ShareBookInteractor.swift */,
				E91AFB162C7384C400872A00 /* ShareBookInterfaces.swift */,
				E91AFB172C7384C400872A00 /* ShareBookPresenter.swift */,
				E91AFB182C7384C400872A00 /* ShareBookViewController.swift */,
				E91AFB192C7384C400872A00 /* ShareBookWireframe.swift */,
			);
			path = ShareBook;
			sourceTree = "<group>";
		};
		E91AFB202C7384C400872A00 /* SignUp */ = {
			isa = PBXGroup;
			children = (
				E91AFB1B2C7384C400872A00 /* SignUpInteractor.swift */,
				E91AFB1C2C7384C400872A00 /* SignUpInterfaces.swift */,
				E91AFB1D2C7384C400872A00 /* SignUpPresenter.swift */,
				E91AFB1E2C7384C400872A00 /* SignUpViewController.swift */,
				E91AFB1F2C7384C400872A00 /* SignUpWireframe.swift */,
			);
			path = SignUp;
			sourceTree = "<group>";
		};
		E91AFB262C7384C400872A00 /* Swap */ = {
			isa = PBXGroup;
			children = (
				E91AFB212C7384C400872A00 /* SwapInteractor.swift */,
				E91AFB222C7384C400872A00 /* SwapInterfaces.swift */,
				E91AFB232C7384C400872A00 /* SwapPresenter.swift */,
				E91AFB242C7384C400872A00 /* SwapViewController.swift */,
				E91AFB252C7384C400872A00 /* SwapWireframe.swift */,
			);
			path = Swap;
			sourceTree = "<group>";
		};
		E91AFB2B2C7384C400872A00 /* TabBar */ = {
			isa = PBXGroup;
			children = (
				E91AFB272C7384C400872A00 /* TabBarController.swift */,
				E91AFB282C7384C400872A00 /* TabBarInterfaces.swift */,
				E91AFB292C7384C400872A00 /* TabBarPresenter.swift */,
				E91AFB2A2C7384C400872A00 /* TabBarWireframe.swift */,
			);
			path = TabBar;
			sourceTree = "<group>";
		};
		E91AFB2F2C7384C400872A00 /* Utils */ = {
			isa = PBXGroup;
			children = (
				E91AFB2C2C7384C400872A00 /* Assets.xcassets */,
				E91AFB2D2C7384C400872A00 /* CustomImageView.swift */,
				E91AFB2E2C7384C400872A00 /* VCPreview.swift */,
				E97C04F62C77CD1E000F02F5 /* Launch Screen.storyboard */,
			);
			path = Utils;
			sourceTree = "<group>";
		};
		E91AFB332C7384C400872A00 /* BookNet */ = {
			isa = PBXGroup;
			children = (
				E91AFAD42C7384C400872A00 /* AddBook */,
				E91AFAE92C7384C400872A00 /* Common */,
				E91AFAEC2C7384C400872A00 /* Core */,
				E91AFAF22C7384C400872A00 /* Entities */,
				E91AFAF62C7384C400872A00 /* Extensions */,
				E91AFAFC2C7384C400872A00 /* Home */,
				E91AFB022C7384C400872A00 /* Login */,
				E91AFB082C7384C400872A00 /* PhotoSelector */,
				E91AFB0E2C7384C400872A00 /* Profile */,
				E91AFB142C7384C400872A00 /* Search */,
				E91AFB1A2C7384C400872A00 /* ShareBook */,
				E91AFB202C7384C400872A00 /* SignUp */,
				E91AFB262C7384C400872A00 /* Swap */,
				E91AFB2B2C7384C400872A00 /* TabBar */,
				E91AFB2F2C7384C400872A00 /* Utils */,
				E91AFB312C7384C400872A00 /* GoogleService-Info.plist */,
			);
			path = BookNet;
			sourceTree = "<group>";
		};
		E99E5FC32C738CA800EF2AF2 /* BookNetTests */ = {
			isa = PBXGroup;
			children = (
				E99E5FC42C738CA800EF2AF2 /* BookNetTests.swift */,
				E99E5FCD2C73981F00EF2AF2 /* HomeInteractorTests.swift */,
				E99E5FCF2C7398C600EF2AF2 /* HomePresenterTests.swift */,
				E99E5FD12C7398EB00EF2AF2 /* HomeViewTests.swift */,
				E99E5FD32C73997F00EF2AF2 /* HomeWireframeTests.swift */,
			);
			path = BookNetTests;
			sourceTree = "<group>";
		};
		E9B949E82BD437D00025D344 = {
			isa = PBXGroup;
			children = (
				E91AFB332C7384C400872A00 /* BookNet */,
				E99E5FBD2C73881E00EF2AF2 /* BookNet.app */,
				E99E5FC22C738CA800EF2AF2 /* BookNetTests.xctest */,
				E99E5FC32C738CA800EF2AF2 /* BookNetTests */,
			);
			sourceTree = "<group>";
		};
/* End PBXGroup section */

/* Begin PBXNativeTarget section */
		E99E5FC12C738CA800EF2AF2 /* BookNetTests */ = {
			isa = PBXNativeTarget;
			buildConfigurationList = E99E5FCA2C738CA800EF2AF2 /* Build configuration list for PBXNativeTarget "BookNetTests" */;
			buildPhases = (
				E99E5FBE2C738CA800EF2AF2 /* Sources */,
				E99E5FBF2C738CA800EF2AF2 /* Frameworks */,
				E99E5FC02C738CA800EF2AF2 /* Resources */,
			);
			buildRules = (
			);
			dependencies = (
				E99E5FC72C738CA800EF2AF2 /* PBXTargetDependency */,
			);
			name = BookNetTests;
			productName = BookNetTests;
			productReference = E99E5FC22C738CA800EF2AF2 /* BookNetTests.xctest */;
			productType = "com.apple.product-type.bundle.unit-test";
		};
		E9B949F02BD437D00025D344 /* BookNet */ = {
			isa = PBXNativeTarget;
			buildConfigurationList = E9B94A052BD437D20025D344 /* Build configuration list for PBXNativeTarget "BookNet" */;
			buildPhases = (
				E9B949ED2BD437D00025D344 /* Sources */,
				E9B949EE2BD437D00025D344 /* Frameworks */,
				E9B949EF2BD437D00025D344 /* Resources */,
			);
			buildRules = (
			);
			dependencies = (
			);
			name = BookNet;
			packageProductDependencies = (
				E9D9FA8C2BD5469200BAADD5 /* FirebaseAuth */,
				E9D9FA8E2BD5469200BAADD5 /* FirebaseAuthCombine-Community */,
				E9D9FA902BD5469200BAADD5 /* FirebaseDatabase */,
				E9D9FA922BD5469200BAADD5 /* FirebaseDatabaseSwift */,
				E9D9FA942BD5469200BAADD5 /* FirebaseStorage */,
				E9D9FA962BD5469200BAADD5 /* FirebaseStorageCombine-Community */,
				E915CE192C622AA600490DA6 /* PKHUD */,
			);
			productName = Project;
			productReference = E99E5FBD2C73881E00EF2AF2 /* BookNet.app */;
			productType = "com.apple.product-type.application";
		};
/* End PBXNativeTarget section */

/* Begin PBXProject section */
		E9B949E92BD437D00025D344 /* Project object */ = {
			isa = PBXProject;
			attributes = {
				BuildIndependentTargetsInParallel = 1;
				LastSwiftUpdateCheck = 1530;
				LastUpgradeCheck = 1530;
				TargetAttributes = {
					E99E5FC12C738CA800EF2AF2 = {
						CreatedOnToolsVersion = 15.3;
						TestTargetID = E9B949F02BD437D00025D344;
					};
					E9B949F02BD437D00025D344 = {
						CreatedOnToolsVersion = 15.3;
					};
				};
			};
			buildConfigurationList = E9B949EC2BD437D00025D344 /* Build configuration list for PBXProject "BookNet" */;
			compatibilityVersion = "Xcode 14.0";
			developmentRegion = en;
			hasScannedForEncodings = 0;
			knownRegions = (
				en,
				Base,
			);
			mainGroup = E9B949E82BD437D00025D344;
			packageReferences = (
				E9D9FA8B2BD5469200BAADD5 /* XCRemoteSwiftPackageReference "firebase-ios-sdk" */,
				E915CE182C622AA600490DA6 /* XCRemoteSwiftPackageReference "PKHUD" */,
			);
			productRefGroup = E9B949E82BD437D00025D344;
			projectDirPath = "";
			projectRoot = "";
			targets = (
				E9B949F02BD437D00025D344 /* BookNet */,
				E99E5FC12C738CA800EF2AF2 /* BookNetTests */,
			);
		};
/* End PBXProject section */

/* Begin PBXResourcesBuildPhase section */
		E99E5FC02C738CA800EF2AF2 /* Resources */ = {
			isa = PBXResourcesBuildPhase;
			buildActionMask = 2147483647;
			files = (
			);
			runOnlyForDeploymentPostprocessing = 0;
		};
		E9B949EF2BD437D00025D344 /* Resources */ = {
			isa = PBXResourcesBuildPhase;
			buildActionMask = 2147483647;
			files = (
				E97C04F72C77CD1E000F02F5 /* Launch Screen.storyboard in Resources */,
				E91AFB822C7384C400872A00 /* GoogleService-Info.plist in Resources */,
				E91AFB7F2C7384C400872A00 /* Assets.xcassets in Resources */,
			);
			runOnlyForDeploymentPostprocessing = 0;
		};
/* End PBXResourcesBuildPhase section */

/* Begin PBXSourcesBuildPhase section */
		E99E5FBE2C738CA800EF2AF2 /* Sources */ = {
			isa = PBXSourcesBuildPhase;
			buildActionMask = 2147483647;
			files = (
				E99E5FC52C738CA800EF2AF2 /* BookNetTests.swift in Sources */,
				E99E5FD22C7398EB00EF2AF2 /* HomeViewTests.swift in Sources */,
				E99E5FD42C73997F00EF2AF2 /* HomeWireframeTests.swift in Sources */,
				E99E5FCE2C73981F00EF2AF2 /* HomeInteractorTests.swift in Sources */,
				E99E5FD02C7398C600EF2AF2 /* HomePresenterTests.swift in Sources */,
			);
			runOnlyForDeploymentPostprocessing = 0;
		};
		E9B949ED2BD437D00025D344 /* Sources */ = {
			isa = PBXSourcesBuildPhase;
			buildActionMask = 2147483647;
			files = (
				E91AFB4A2C7384C400872A00 /* Constants.swift in Sources */,
				E91AFB362C7384C400872A00 /* AddBookPresenter.swift in Sources */,
				E91AFB6F2C7384C400872A00 /* ShareBookViewController.swift in Sources */,
				E91AFB462C7384C400872A00 /* PresenterInterface.swift in Sources */,
				E91AFB532C7384C400872A00 /* HomeInteractor.swift in Sources */,
				E91AFB7E2C7384C400872A00 /* TabBarWireframe.swift in Sources */,
				E91AFB612C7384C400872A00 /* PhotoSelectorWireframe.swift in Sources */,
				E91AFB7B2C7384C400872A00 /* TabBarController.swift in Sources */,
				E91AFB642C7384C400872A00 /* ProfilePresenter.swift in Sources */,
				E91AFB6A2C7384C400872A00 /* SearchViewController.swift in Sources */,
				E91AFB4E2C7384C400872A00 /* RequestModel.swift in Sources */,
				E91AFB752C7384C400872A00 /* SignUpWireframe.swift in Sources */,
				E91AFB602C7384C400872A00 /* PhotoSelectorViewController.swift in Sources */,
				E91AFB562C7384C400872A00 /* HomeViewController.swift in Sources */,
				E91AFB452C7384C400872A00 /* InteractorInterface.swift in Sources */,
				E91AFB6D2C7384C400872A00 /* ShareBookInterfaces.swift in Sources */,
				E91AFB732C7384C400872A00 /* SignUpPresenter.swift in Sources */,
				E91AFB772C7384C400872A00 /* SwapInterfaces.swift in Sources */,
				E91AFB3B2C7384C400872A00 /* CustomBookCell.swift in Sources */,
				E91AFB4D2C7384C400872A00 /* PostModel.swift in Sources */,
				E91AFB682C7384C400872A00 /* SearchInterfaces.swift in Sources */,
				E91AFB6B2C7384C400872A00 /* SearchWireframe.swift in Sources */,
				E91AFB582C7384C400872A00 /* LoginInteractor.swift in Sources */,
				E91AFB482C7384C400872A00 /* ViewInterface.swift in Sources */,
				E91AFB722C7384C400872A00 /* SignUpInterfaces.swift in Sources */,
				E91AFB3E2C7384C400872A00 /* CustomRequestsCell.swift in Sources */,
				E91AFB802C7384C400872A00 /* CustomImageView.swift in Sources */,
				E91AFB502C7384C400872A00 /* DateExtension.swift in Sources */,
				E91AFB632C7384C400872A00 /* ProfileInterfaces.swift in Sources */,
				E91AFB352C7384C400872A00 /* AddBookInterfaces.swift in Sources */,
				E91AFB712C7384C400872A00 /* SignUpInteractor.swift in Sources */,
				E91AFB5B2C7384C400872A00 /* LoginViewController.swift in Sources */,
				E91AFB762C7384C400872A00 /* SwapInteractor.swift in Sources */,
				E91AFB672C7384C400872A00 /* SearchInteractor.swift in Sources */,
				E91AFB572C7384C400872A00 /* HomeWireframe.swift in Sources */,
				E91AFB5E2C7384C400872A00 /* PhotoSelectorInterfaces.swift in Sources */,
				E91AFB742C7384C400872A00 /* SignUpViewController.swift in Sources */,
				E91AFB5A2C7384C400872A00 /* LoginPresenter.swift in Sources */,
				E91AFB622C7384C400872A00 /* ProfileInteractor.swift in Sources */,
				E91AFB662C7384C400872A00 /* ProfileWireframe.swift in Sources */,
				E91AFB702C7384C400872A00 /* ShareBookWireframe.swift in Sources */,
				E91AFB552C7384C400872A00 /* HomePresenter.swift in Sources */,
				E91AFB4B2C7384C400872A00 /* BookModel.swift in Sources */,
				E91AFB402C7384C400872A00 /* PhotoSelectorHeader.swift in Sources */,
				E91AFB812C7384C400872A00 /* VCPreview.swift in Sources */,
				E91AFB522C7384C400872A00 /* UIViewExtension.swift in Sources */,
				E91AFB652C7384C400872A00 /* ProfileViewController.swift in Sources */,
				E91AFB412C7384C400872A00 /* PostCollectionViewCell.swift in Sources */,
				E91AFB512C7384C400872A00 /* FirebaseExtension.swift in Sources */,
				E91AFB4C2C7384C400872A00 /* PhotoModel.swift in Sources */,
				E91AFB592C7384C400872A00 /* LoginInterfaces.swift in Sources */,
				E91AFB372C7384C400872A00 /* AddBookViewController.swift in Sources */,
				E91AFB422C7384C400872A00 /* SearchBookCell.swift in Sources */,
				E91AFB342C7384C400872A00 /* AddBookInteractor.swift in Sources */,
				E91AFB792C7384C400872A00 /* SwapViewController.swift in Sources */,
				E91AFB4F2C7384C400872A00 /* UserModel.swift in Sources */,
				E91AFB5C2C7384C400872A00 /* LoginWireframe.swift in Sources */,
				E91AFB3D2C7384C400872A00 /* CustomPostCell.swift in Sources */,
				E91AFB5D2C7384C400872A00 /* PhotoSelectorInteractor.swift in Sources */,
				E91AFB7A2C7384C400872A00 /* SwapWireframe.swift in Sources */,
				E91AFB492C7384C400872A00 /* AppDelegate.swift in Sources */,
				E91AFB3F2C7384C400872A00 /* PhotoSelectorCell.swift in Sources */,
				E91AFB542C7384C400872A00 /* HomeInterfaces.swift in Sources */,
				E91AFB472C7384C400872A00 /* UIStoryboardExtension.swift in Sources */,
				E91AFB782C7384C400872A00 /* SwapPresenter.swift in Sources */,
				E91AFB442C7384C400872A00 /* FormatterInterface.swift in Sources */,
				E91AFB5F2C7384C400872A00 /* PhotoSelectorPresenter.swift in Sources */,
				E91AFB432C7384C400872A00 /* BaseWireframe.swift in Sources */,
				E91AFB382C7384C400872A00 /* AddBookWireframe.swift in Sources */,
				E91AFB6E2C7384C400872A00 /* ShareBookPresenter.swift in Sources */,
				E91AFB692C7384C400872A00 /* SearchPresenter.swift in Sources */,
				E91AFB7D2C7384C400872A00 /* TabBarPresenter.swift in Sources */,
				E91AFB6C2C7384C400872A00 /* ShareBookInteractor.swift in Sources */,
				E91AFB7C2C7384C400872A00 /* TabBarInterfaces.swift in Sources */,
			);
			runOnlyForDeploymentPostprocessing = 0;
		};
/* End PBXSourcesBuildPhase section */

/* Begin PBXTargetDependency section */
		E99E5FC72C738CA800EF2AF2 /* PBXTargetDependency */ = {
			isa = PBXTargetDependency;
			target = E9B949F02BD437D00025D344 /* BookNet */;
			targetProxy = E99E5FC62C738CA800EF2AF2 /* PBXContainerItemProxy */;
		};
/* End PBXTargetDependency section */

/* Begin XCBuildConfiguration section */
		E99E5FC82C738CA800EF2AF2 /* Debug */ = {
			isa = XCBuildConfiguration;
			buildSettings = {
				BUNDLE_LOADER = "$(TEST_HOST)";
				CODE_SIGN_STYLE = Automatic;
				CURRENT_PROJECT_VERSION = 1;
				DEVELOPMENT_TEAM = 9W5Z8G2RNJ;
				GENERATE_INFOPLIST_FILE = YES;
				MARKETING_VERSION = 1.0;
				PRODUCT_BUNDLE_IDENTIFIER = com.abdulkadiroruc.BookNetTests;
				PRODUCT_NAME = "$(TARGET_NAME)";
				SWIFT_EMIT_LOC_STRINGS = NO;
				SWIFT_VERSION = 5.0;
				TARGETED_DEVICE_FAMILY = "1,2";
				TEST_HOST = "$(BUILT_PRODUCTS_DIR)/BookNet.app/$(BUNDLE_EXECUTABLE_FOLDER_PATH)/BookNet";
			};
			name = Debug;
		};
		E99E5FC92C738CA800EF2AF2 /* Release */ = {
			isa = XCBuildConfiguration;
			buildSettings = {
				BUNDLE_LOADER = "$(TEST_HOST)";
				CODE_SIGN_STYLE = Automatic;
				CURRENT_PROJECT_VERSION = 1;
				DEVELOPMENT_TEAM = 9W5Z8G2RNJ;
				GENERATE_INFOPLIST_FILE = YES;
				MARKETING_VERSION = 1.0;
				PRODUCT_BUNDLE_IDENTIFIER = com.abdulkadiroruc.BookNetTests;
				PRODUCT_NAME = "$(TARGET_NAME)";
				SWIFT_EMIT_LOC_STRINGS = NO;
				SWIFT_VERSION = 5.0;
				TARGETED_DEVICE_FAMILY = "1,2";
				TEST_HOST = "$(BUILT_PRODUCTS_DIR)/BookNet.app/$(BUNDLE_EXECUTABLE_FOLDER_PATH)/BookNet";
			};
			name = Release;
		};
		E9B94A032BD437D20025D344 /* Debug */ = {
			isa = XCBuildConfiguration;
			buildSettings = {
				ALWAYS_SEARCH_USER_PATHS = NO;
				ASSETCATALOG_COMPILER_GENERATE_SWIFT_ASSET_SYMBOL_EXTENSIONS = YES;
				CLANG_ANALYZER_NONNULL = YES;
				CLANG_ANALYZER_NUMBER_OBJECT_CONVERSION = YES_AGGRESSIVE;
				CLANG_CXX_LANGUAGE_STANDARD = "gnu++20";
				CLANG_ENABLE_MODULES = YES;
				CLANG_ENABLE_OBJC_ARC = YES;
				CLANG_ENABLE_OBJC_WEAK = YES;
				CLANG_WARN_BLOCK_CAPTURE_AUTORELEASING = YES;
				CLANG_WARN_BOOL_CONVERSION = YES;
				CLANG_WARN_COMMA = YES;
				CLANG_WARN_CONSTANT_CONVERSION = YES;
				CLANG_WARN_DEPRECATED_OBJC_IMPLEMENTATIONS = YES;
				CLANG_WARN_DIRECT_OBJC_ISA_USAGE = YES_ERROR;
				CLANG_WARN_DOCUMENTATION_COMMENTS = YES;
				CLANG_WARN_EMPTY_BODY = YES;
				CLANG_WARN_ENUM_CONVERSION = YES;
				CLANG_WARN_INFINITE_RECURSION = YES;
				CLANG_WARN_INT_CONVERSION = YES;
				CLANG_WARN_NON_LITERAL_NULL_CONVERSION = YES;
				CLANG_WARN_OBJC_IMPLICIT_RETAIN_SELF = YES;
				CLANG_WARN_OBJC_LITERAL_CONVERSION = YES;
				CLANG_WARN_OBJC_ROOT_CLASS = YES_ERROR;
				CLANG_WARN_QUOTED_INCLUDE_IN_FRAMEWORK_HEADER = YES;
				CLANG_WARN_RANGE_LOOP_ANALYSIS = YES;
				CLANG_WARN_STRICT_PROTOTYPES = YES;
				CLANG_WARN_SUSPICIOUS_MOVE = YES;
				CLANG_WARN_UNGUARDED_AVAILABILITY = YES_AGGRESSIVE;
				CLANG_WARN_UNREACHABLE_CODE = YES;
				CLANG_WARN__DUPLICATE_METHOD_MATCH = YES;
				COPY_PHASE_STRIP = NO;
				DEBUG_INFORMATION_FORMAT = dwarf;
				ENABLE_STRICT_OBJC_MSGSEND = YES;
				ENABLE_TESTABILITY = YES;
				ENABLE_USER_SCRIPT_SANDBOXING = YES;
				GCC_C_LANGUAGE_STANDARD = gnu17;
				GCC_DYNAMIC_NO_PIC = NO;
				GCC_NO_COMMON_BLOCKS = YES;
				GCC_OPTIMIZATION_LEVEL = 0;
				GCC_PREPROCESSOR_DEFINITIONS = (
					"DEBUG=1",
					"$(inherited)",
				);
				GCC_WARN_64_TO_32_BIT_CONVERSION = YES;
				GCC_WARN_ABOUT_RETURN_TYPE = YES_ERROR;
				GCC_WARN_UNDECLARED_SELECTOR = YES;
				GCC_WARN_UNINITIALIZED_AUTOS = YES_AGGRESSIVE;
				GCC_WARN_UNUSED_FUNCTION = YES;
				GCC_WARN_UNUSED_VARIABLE = YES;
				IPHONEOS_DEPLOYMENT_TARGET = 17.4;
				LOCALIZATION_PREFERS_STRING_CATALOGS = YES;
				MTL_ENABLE_DEBUG_INFO = INCLUDE_SOURCE;
				MTL_FAST_MATH = YES;
				ONLY_ACTIVE_ARCH = YES;
				SDKROOT = iphoneos;
				SWIFT_ACTIVE_COMPILATION_CONDITIONS = "DEBUG $(inherited)";
				SWIFT_OPTIMIZATION_LEVEL = "-Onone";
			};
			name = Debug;
		};
		E9B94A042BD437D20025D344 /* Release */ = {
			isa = XCBuildConfiguration;
			buildSettings = {
				ALWAYS_SEARCH_USER_PATHS = NO;
				ASSETCATALOG_COMPILER_GENERATE_SWIFT_ASSET_SYMBOL_EXTENSIONS = YES;
				CLANG_ANALYZER_NONNULL = YES;
				CLANG_ANALYZER_NUMBER_OBJECT_CONVERSION = YES_AGGRESSIVE;
				CLANG_CXX_LANGUAGE_STANDARD = "gnu++20";
				CLANG_ENABLE_MODULES = YES;
				CLANG_ENABLE_OBJC_ARC = YES;
				CLANG_ENABLE_OBJC_WEAK = YES;
				CLANG_WARN_BLOCK_CAPTURE_AUTORELEASING = YES;
				CLANG_WARN_BOOL_CONVERSION = YES;
				CLANG_WARN_COMMA = YES;
				CLANG_WARN_CONSTANT_CONVERSION = YES;
				CLANG_WARN_DEPRECATED_OBJC_IMPLEMENTATIONS = YES;
				CLANG_WARN_DIRECT_OBJC_ISA_USAGE = YES_ERROR;
				CLANG_WARN_DOCUMENTATION_COMMENTS = YES;
				CLANG_WARN_EMPTY_BODY = YES;
				CLANG_WARN_ENUM_CONVERSION = YES;
				CLANG_WARN_INFINITE_RECURSION = YES;
				CLANG_WARN_INT_CONVERSION = YES;
				CLANG_WARN_NON_LITERAL_NULL_CONVERSION = YES;
				CLANG_WARN_OBJC_IMPLICIT_RETAIN_SELF = YES;
				CLANG_WARN_OBJC_LITERAL_CONVERSION = YES;
				CLANG_WARN_OBJC_ROOT_CLASS = YES_ERROR;
				CLANG_WARN_QUOTED_INCLUDE_IN_FRAMEWORK_HEADER = YES;
				CLANG_WARN_RANGE_LOOP_ANALYSIS = YES;
				CLANG_WARN_STRICT_PROTOTYPES = YES;
				CLANG_WARN_SUSPICIOUS_MOVE = YES;
				CLANG_WARN_UNGUARDED_AVAILABILITY = YES_AGGRESSIVE;
				CLANG_WARN_UNREACHABLE_CODE = YES;
				CLANG_WARN__DUPLICATE_METHOD_MATCH = YES;
				COPY_PHASE_STRIP = NO;
				DEBUG_INFORMATION_FORMAT = "dwarf-with-dsym";
				ENABLE_NS_ASSERTIONS = NO;
				ENABLE_STRICT_OBJC_MSGSEND = YES;
				ENABLE_USER_SCRIPT_SANDBOXING = YES;
				GCC_C_LANGUAGE_STANDARD = gnu17;
				GCC_NO_COMMON_BLOCKS = YES;
				GCC_WARN_64_TO_32_BIT_CONVERSION = YES;
				GCC_WARN_ABOUT_RETURN_TYPE = YES_ERROR;
				GCC_WARN_UNDECLARED_SELECTOR = YES;
				GCC_WARN_UNINITIALIZED_AUTOS = YES_AGGRESSIVE;
				GCC_WARN_UNUSED_FUNCTION = YES;
				GCC_WARN_UNUSED_VARIABLE = YES;
				IPHONEOS_DEPLOYMENT_TARGET = 17.4;
				LOCALIZATION_PREFERS_STRING_CATALOGS = YES;
				MTL_ENABLE_DEBUG_INFO = NO;
				MTL_FAST_MATH = YES;
				SDKROOT = iphoneos;
				SWIFT_COMPILATION_MODE = wholemodule;
				VALIDATE_PRODUCT = YES;
			};
			name = Release;
		};
		E9B94A062BD437D20025D344 /* Debug */ = {
			isa = XCBuildConfiguration;
			buildSettings = {
				ASSETCATALOG_COMPILER_APPICON_NAME = AppIcon;
				ASSETCATALOG_COMPILER_GLOBAL_ACCENT_COLOR_NAME = AccentColor;
				CODE_SIGN_STYLE = Automatic;
				CURRENT_PROJECT_VERSION = 1;
				DEVELOPMENT_TEAM = 9W5Z8G2RNJ;
				GENERATE_INFOPLIST_FILE = YES;
				INFOPLIST_FILE = BookNet/Info.plist;
				INFOPLIST_KEY_NSPhotoLibraryUsageDescription = "We need to access your photo library.";
				INFOPLIST_KEY_UIApplicationSupportsIndirectInputEvents = YES;
				INFOPLIST_KEY_UILaunchStoryboardName = "Launch Screen.storyboard";
				INFOPLIST_KEY_UISupportedInterfaceOrientations = UIInterfaceOrientationPortrait;
				INFOPLIST_KEY_UIUserInterfaceStyle = Light;
				LD_RUNPATH_SEARCH_PATHS = (
					"$(inherited)",
					"@executable_path/Frameworks",
				);
				MARKETING_VERSION = 1.0;
				PRODUCT_BUNDLE_IDENTIFIER = com.abdulkadiroruc.Project;
				PRODUCT_NAME = "$(TARGET_NAME)";
				SWIFT_EMIT_LOC_STRINGS = YES;
				SWIFT_VERSION = 5.0;
				TARGETED_DEVICE_FAMILY = "1,2";
			};
			name = Debug;
		};
		E9B94A072BD437D20025D344 /* Release */ = {
			isa = XCBuildConfiguration;
			buildSettings = {
				ASSETCATALOG_COMPILER_APPICON_NAME = AppIcon;
				ASSETCATALOG_COMPILER_GLOBAL_ACCENT_COLOR_NAME = AccentColor;
				CODE_SIGN_STYLE = Automatic;
				CURRENT_PROJECT_VERSION = 1;
				DEVELOPMENT_TEAM = 9W5Z8G2RNJ;
				GENERATE_INFOPLIST_FILE = YES;
				INFOPLIST_FILE = BookNet/Info.plist;
				INFOPLIST_KEY_NSPhotoLibraryUsageDescription = "We need to access your photo library.";
				INFOPLIST_KEY_UIApplicationSupportsIndirectInputEvents = YES;
				INFOPLIST_KEY_UILaunchStoryboardName = "Launch Screen.storyboard";
				INFOPLIST_KEY_UISupportedInterfaceOrientations = UIInterfaceOrientationPortrait;
				INFOPLIST_KEY_UIUserInterfaceStyle = Light;
				LD_RUNPATH_SEARCH_PATHS = (
					"$(inherited)",
					"@executable_path/Frameworks",
				);
				MARKETING_VERSION = 1.0;
				PRODUCT_BUNDLE_IDENTIFIER = com.abdulkadiroruc.Project;
				PRODUCT_NAME = "$(TARGET_NAME)";
				SWIFT_EMIT_LOC_STRINGS = YES;
				SWIFT_VERSION = 5.0;
				TARGETED_DEVICE_FAMILY = "1,2";
			};
			name = Release;
		};
/* End XCBuildConfiguration section */

/* Begin XCConfigurationList section */
		E99E5FCA2C738CA800EF2AF2 /* Build configuration list for PBXNativeTarget "BookNetTests" */ = {
			isa = XCConfigurationList;
			buildConfigurations = (
				E99E5FC82C738CA800EF2AF2 /* Debug */,
				E99E5FC92C738CA800EF2AF2 /* Release */,
			);
			defaultConfigurationIsVisible = 0;
			defaultConfigurationName = Release;
		};
		E9B949EC2BD437D00025D344 /* Build configuration list for PBXProject "BookNet" */ = {
			isa = XCConfigurationList;
			buildConfigurations = (
				E9B94A032BD437D20025D344 /* Debug */,
				E9B94A042BD437D20025D344 /* Release */,
			);
			defaultConfigurationIsVisible = 0;
			defaultConfigurationName = Release;
		};
		E9B94A052BD437D20025D344 /* Build configuration list for PBXNativeTarget "BookNet" */ = {
			isa = XCConfigurationList;
			buildConfigurations = (
				E9B94A062BD437D20025D344 /* Debug */,
				E9B94A072BD437D20025D344 /* Release */,
			);
			defaultConfigurationIsVisible = 0;
			defaultConfigurationName = Release;
		};
/* End XCConfigurationList section */

/* Begin XCRemoteSwiftPackageReference section */
		E915CE182C622AA600490DA6 /* XCRemoteSwiftPackageReference "PKHUD" */ = {
			isa = XCRemoteSwiftPackageReference;
			repositoryURL = "https://github.com/pkluz/PKHUD.git";
			requirement = {
				kind = upToNextMajorVersion;
				minimumVersion = 5.4.0;
			};
		};
		E9D9FA8B2BD5469200BAADD5 /* XCRemoteSwiftPackageReference "firebase-ios-sdk" */ = {
			isa = XCRemoteSwiftPackageReference;
			repositoryURL = "https://github.com/firebase/firebase-ios-sdk";
			requirement = {
				kind = upToNextMajorVersion;
				minimumVersion = 10.24.0;
			};
		};
/* End XCRemoteSwiftPackageReference section */

/* Begin XCSwiftPackageProductDependency section */
		E915CE192C622AA600490DA6 /* PKHUD */ = {
			isa = XCSwiftPackageProductDependency;
			package = E915CE182C622AA600490DA6 /* XCRemoteSwiftPackageReference "PKHUD" */;
			productName = PKHUD;
		};
		E9D9FA8C2BD5469200BAADD5 /* FirebaseAuth */ = {
			isa = XCSwiftPackageProductDependency;
			package = E9D9FA8B2BD5469200BAADD5 /* XCRemoteSwiftPackageReference "firebase-ios-sdk" */;
			productName = FirebaseAuth;
		};
		E9D9FA8E2BD5469200BAADD5 /* FirebaseAuthCombine-Community */ = {
			isa = XCSwiftPackageProductDependency;
			package = E9D9FA8B2BD5469200BAADD5 /* XCRemoteSwiftPackageReference "firebase-ios-sdk" */;
			productName = "FirebaseAuthCombine-Community";
		};
		E9D9FA902BD5469200BAADD5 /* FirebaseDatabase */ = {
			isa = XCSwiftPackageProductDependency;
			package = E9D9FA8B2BD5469200BAADD5 /* XCRemoteSwiftPackageReference "firebase-ios-sdk" */;
			productName = FirebaseDatabase;
		};
		E9D9FA922BD5469200BAADD5 /* FirebaseDatabaseSwift */ = {
			isa = XCSwiftPackageProductDependency;
			package = E9D9FA8B2BD5469200BAADD5 /* XCRemoteSwiftPackageReference "firebase-ios-sdk" */;
			productName = FirebaseDatabaseSwift;
		};
		E9D9FA942BD5469200BAADD5 /* FirebaseStorage */ = {
			isa = XCSwiftPackageProductDependency;
			package = E9D9FA8B2BD5469200BAADD5 /* XCRemoteSwiftPackageReference "firebase-ios-sdk" */;
			productName = FirebaseStorage;
		};
		E9D9FA962BD5469200BAADD5 /* FirebaseStorageCombine-Community */ = {
			isa = XCSwiftPackageProductDependency;
			package = E9D9FA8B2BD5469200BAADD5 /* XCRemoteSwiftPackageReference "firebase-ios-sdk" */;
			productName = "FirebaseStorageCombine-Community";
		};
/* End XCSwiftPackageProductDependency section */
	};
	rootObject = E9B949E92BD437D00025D344 /* Project object */;
}
